// !$*UTF8*$!
{
	archiveVersion = 1;
	classes = {
	};
	objectVersion = 56;
	objects = {

/* Begin PBXBuildFile section */
		10025B372B7B802F00DCCC5A /* ProposalModel.swift in Sources */ = {isa = PBXBuildFile; fileRef = 10025B362B7B802F00DCCC5A /* ProposalModel.swift */; };
		10025B392B7B804400DCCC5A /* SentViewModel.swift in Sources */ = {isa = PBXBuildFile; fileRef = 10025B382B7B804400DCCC5A /* SentViewModel.swift */; };
		10025B3B2B7BA13D00DCCC5A /* ProposalDetailModel.swift in Sources */ = {isa = PBXBuildFile; fileRef = 10025B3A2B7BA13D00DCCC5A /* ProposalDetailModel.swift */; };
		10025B3D2B7BA14900DCCC5A /* ProposalDetailViewModel.swift in Sources */ = {isa = PBXBuildFile; fileRef = 10025B3C2B7BA14900DCCC5A /* ProposalDetailViewModel.swift */; };
		10025B412B7C024200DCCC5A /* OrganizationViewModel.swift in Sources */ = {isa = PBXBuildFile; fileRef = 10025B402B7C024200DCCC5A /* OrganizationViewModel.swift */; };
		10025B462B7C154800DCCC5A /* ReceivedViewModel.swift in Sources */ = {isa = PBXBuildFile; fileRef = 10025B452B7C154800DCCC5A /* ReceivedViewModel.swift */; };
		100A1E302B71637A00AAC1E8 /* MyProfileView.swift in Sources */ = {isa = PBXBuildFile; fileRef = 100A1E2F2B71637A00AAC1E8 /* MyProfileView.swift */; };
		100A1E382B734DB300AAC1E8 /* EmailModel.swift in Sources */ = {isa = PBXBuildFile; fileRef = 100A1E372B734DB200AAC1E8 /* EmailModel.swift */; };
		100A1E3A2B734DDE00AAC1E8 /* EmailViewModel.swift in Sources */ = {isa = PBXBuildFile; fileRef = 100A1E392B734DDE00AAC1E8 /* EmailViewModel.swift */; };
		100A1E3D2B73596600AAC1E8 /* CombineMoya in Frameworks */ = {isa = PBXBuildFile; productRef = 100A1E3C2B73596600AAC1E8 /* CombineMoya */; };
		100A1E3F2B73596600AAC1E8 /* Moya in Frameworks */ = {isa = PBXBuildFile; productRef = 100A1E3E2B73596600AAC1E8 /* Moya */; };
		100A1E412B73596600AAC1E8 /* ReactiveMoya in Frameworks */ = {isa = PBXBuildFile; productRef = 100A1E402B73596600AAC1E8 /* ReactiveMoya */; };
		100A1E432B73596600AAC1E8 /* RxMoya in Frameworks */ = {isa = PBXBuildFile; productRef = 100A1E422B73596600AAC1E8 /* RxMoya */; };
		100A1E462B7359DC00AAC1E8 /* KeychainSwift in Frameworks */ = {isa = PBXBuildFile; productRef = 100A1E452B7359DC00AAC1E8 /* KeychainSwift */; };
		100D389A2B44833500498977 /* FontManager.swift in Sources */ = {isa = PBXBuildFile; fileRef = 100D38952B44833500498977 /* FontManager.swift */; };
		100D389B2B44833500498977 /* SUIT-Bold.otf in Resources */ = {isa = PBXBuildFile; fileRef = 100D38962B44833500498977 /* SUIT-Bold.otf */; };
		100D389C2B44833500498977 /* SUIT-Medium.otf in Resources */ = {isa = PBXBuildFile; fileRef = 100D38972B44833500498977 /* SUIT-Medium.otf */; };
		100D389D2B44833500498977 /* Pretendard-Medium.otf in Resources */ = {isa = PBXBuildFile; fileRef = 100D38982B44833500498977 /* Pretendard-Medium.otf */; };
		100D389E2B44833500498977 /* Pretendard-SemiBold.otf in Resources */ = {isa = PBXBuildFile; fileRef = 100D38992B44833500498977 /* Pretendard-SemiBold.otf */; };
		100D38A32B44834700498977 /* Preview Assets.xcassets in Resources */ = {isa = PBXBuildFile; fileRef = 100D38A22B44834700498977 /* Preview Assets.xcassets */; };
		100D38A72B44836800498977 /* Spon_usApp.swift in Sources */ = {isa = PBXBuildFile; fileRef = 100D38A62B44836800498977 /* Spon_usApp.swift */; };
		100D38AD2B44844F00498977 /* Assets.xcassets in Resources */ = {isa = PBXBuildFile; fileRef = 100D38AC2B44844F00498977 /* Assets.xcassets */; };
		100D38B12B44852700498977 /* ContentView.swift in Sources */ = {isa = PBXBuildFile; fileRef = 100D38B02B44852700498977 /* ContentView.swift */; };
		100D38B32B4EF15600498977 /* HomeView.swift in Sources */ = {isa = PBXBuildFile; fileRef = 100D38B22B4EF15600498977 /* HomeView.swift */; };
		100D38B62B4EF51E00498977 /* SavedView.swift in Sources */ = {isa = PBXBuildFile; fileRef = 100D38B52B4EF51E00498977 /* SavedView.swift */; };
		100D38B82B4EF54100498977 /* CategoryView.swift in Sources */ = {isa = PBXBuildFile; fileRef = 100D38B72B4EF54100498977 /* CategoryView.swift */; };
		100D38BA2B4EF54C00498977 /* MyView.swift in Sources */ = {isa = PBXBuildFile; fileRef = 100D38B92B4EF54C00498977 /* MyView.swift */; };
		1031EC7C2B68B9F20016655B /* AnnouncementView.swift in Sources */ = {isa = PBXBuildFile; fileRef = 1031EC7B2B68B9F20016655B /* AnnouncementView.swift */; };
		105A46CD2B826DC70039FD70 /* GoogleService-Info.plist in Resources */ = {isa = PBXBuildFile; fileRef = 105A46CC2B826DC70039FD70 /* GoogleService-Info.plist */; };
		106720022B5835FA00493354 /* SendOfferView.swift in Sources */ = {isa = PBXBuildFile; fileRef = 106720012B5835FA00493354 /* SendOfferView.swift */; };
		107D6E692B7A8273005B6261 /* OrganizationModel.swift in Sources */ = {isa = PBXBuildFile; fileRef = 107D6E682B7A8273005B6261 /* OrganizationModel.swift */; };
		107D6E6B2B7A83AB005B6261 /* MyOrganizationViewModel.swift in Sources */ = {isa = PBXBuildFile; fileRef = 107D6E6A2B7A83AB005B6261 /* MyOrganizationViewModel.swift */; };
		109ED8682B80C61A00304695 /* SponusAPI.swift in Sources */ = {isa = PBXBuildFile; fileRef = 109ED8672B80C61A00304695 /* SponusAPI.swift */; };
		109F9E282B6E692B006B7D63 /* MyTermsView.swift in Sources */ = {isa = PBXBuildFile; fileRef = 109F9E272B6E692B006B7D63 /* MyTermsView.swift */; };
		109F9E2A2B6E7536006B7D63 /* CouponView.swift in Sources */ = {isa = PBXBuildFile; fileRef = 109F9E292B6E7536006B7D63 /* CouponView.swift */; };
		10BC6B432B828D7A007D1D9A /* SavedModel.swift in Sources */ = {isa = PBXBuildFile; fileRef = 10BC6B422B828D7A007D1D9A /* SavedModel.swift */; };
		10BC6B452B828EB8007D1D9A /* SavedViewModel.swift in Sources */ = {isa = PBXBuildFile; fileRef = 10BC6B442B828EB8007D1D9A /* SavedViewModel.swift */; };
		10BC6B472B829EAF007D1D9A /* SavedListModel.swift in Sources */ = {isa = PBXBuildFile; fileRef = 10BC6B462B829EAF007D1D9A /* SavedListModel.swift */; };
		10BC6B492B829F7A007D1D9A /* SavedListViewModel.swift in Sources */ = {isa = PBXBuildFile; fileRef = 10BC6B482B829F7A007D1D9A /* SavedListViewModel.swift */; };
		10C8AC612B5C340D00B40547 /* SendOfferPostView.swift in Sources */ = {isa = PBXBuildFile; fileRef = 10C8AC602B5C340D00B40547 /* SendOfferPostView.swift */; };
		10EBD80D2B6F783F0082CD8E /* HonorInfoEditView.swift in Sources */ = {isa = PBXBuildFile; fileRef = 10EBD80C2B6F783F0082CD8E /* HonorInfoEditView.swift */; };
		10EBD8112B6FD6D60082CD8E /* ProfileEditView.swift in Sources */ = {isa = PBXBuildFile; fileRef = 10EBD8102B6FD6D60082CD8E /* ProfileEditView.swift */; };
		10EBD8132B6FF2350082CD8E /* ImagePicker.swift in Sources */ = {isa = PBXBuildFile; fileRef = 10EBD8122B6FF2350082CD8E /* ImagePicker.swift */; };
		3B2021772B4C56000010CA02 /* ProposalReceivedListView.swift in Sources */ = {isa = PBXBuildFile; fileRef = 3B2021762B4C56000010CA02 /* ProposalReceivedListView.swift */; };
		3B36F09A2B6FEB800000ACFB /* PaymentSettingView.swift in Sources */ = {isa = PBXBuildFile; fileRef = 3B36F0992B6FEB800000ACFB /* PaymentSettingView.swift */; };
		3B36F09C2B6FEBA00000ACFB /* ChargerInfoViewTest.swift in Sources */ = {isa = PBXBuildFile; fileRef = 3B36F09B2B6FEBA00000ACFB /* ChargerInfoViewTest.swift */; };
		3B36F09E2B6FEBBC0000ACFB /* PaymentView.swift in Sources */ = {isa = PBXBuildFile; fileRef = 3B36F09D2B6FEBBC0000ACFB /* PaymentView.swift */; };
		3B36F0A12B6FEBF60000ACFB /* Utils.swift in Sources */ = {isa = PBXBuildFile; fileRef = 3B36F0A02B6FEBF60000ACFB /* Utils.swift */; };
		3B36F0A32B6FEC0B0000ACFB /* PortOneViewModel.swift in Sources */ = {isa = PBXBuildFile; fileRef = 3B36F0A22B6FEC0B0000ACFB /* PortOneViewModel.swift */; };
		3B36F0A62B6FEC2F0000ACFB /* Order.swift in Sources */ = {isa = PBXBuildFile; fileRef = 3B36F0A52B6FEC2F0000ACFB /* Order.swift */; };
		3B36F0A82B6FEC3C0000ACFB /* PubData.swift in Sources */ = {isa = PBXBuildFile; fileRef = 3B36F0A72B6FEC3C0000ACFB /* PubData.swift */; };
		3B36F0AB2B6FEC4E0000ACFB /* iamport-ios in Frameworks */ = {isa = PBXBuildFile; productRef = 3B36F0AA2B6FEC4E0000ACFB /* iamport-ios */; };
		3B81BCB22B622EBF0067E9CB /* StoreKitManager.swift in Sources */ = {isa = PBXBuildFile; fileRef = 3B81BCB12B622EBF0067E9CB /* StoreKitManager.swift */; };
		3B81BCB42B622ED00067E9CB /* StoreKitTestView.swift in Sources */ = {isa = PBXBuildFile; fileRef = 3B81BCB32B622ED00067E9CB /* StoreKitTestView.swift */; };
		3B81BCB62B622EEA0067E9CB /* Extension.swift in Sources */ = {isa = PBXBuildFile; fileRef = 3B81BCB52B622EEA0067E9CB /* Extension.swift */; };
		3B81BCB82B622F080067E9CB /* MyNoticeListView.swift in Sources */ = {isa = PBXBuildFile; fileRef = 3B81BCB72B622F080067E9CB /* MyNoticeListView.swift */; };
		3B81BCBA2B622F280067E9CB /* MyNoticeDetailView.swift in Sources */ = {isa = PBXBuildFile; fileRef = 3B81BCB92B622F280067E9CB /* MyNoticeDetailView.swift */; };
		3B81BCBE2B62312C0067E9CB /* Product.storekit in Resources */ = {isa = PBXBuildFile; fileRef = 3B81BCBD2B62312C0067E9CB /* Product.storekit */; };
		3B81BCC02B6231680067E9CB /* ProductList.plist in Resources */ = {isa = PBXBuildFile; fileRef = 3B81BCBF2B6231680067E9CB /* ProductList.plist */; };
		3BA7C09A2B82BA1E00654B62 /* ReceivedOfferMyAnnouncementsViewModel.swift in Sources */ = {isa = PBXBuildFile; fileRef = 3BA7C0992B82BA1E00654B62 /* ReceivedOfferMyAnnouncementsViewModel.swift */; };
		3BA7C09E2B82BCFD00654B62 /* GoogleService-Info.plist in Resources */ = {isa = PBXBuildFile; fileRef = 3BA7C09D2B82BCFD00654B62 /* GoogleService-Info.plist */; };
		3BD26D062B62342C0035FE80 /* ChargerInfoView.swift in Sources */ = {isa = PBXBuildFile; fileRef = 10C8AC642B5EA69B00B40547 /* ChargerInfoView.swift */; };
		3BFC8D152B54AA55000D6006 /* EditPostView.swift in Sources */ = {isa = PBXBuildFile; fileRef = 3BFC8D142B54AA55000D6006 /* EditPostView.swift */; };
		3BFC8D1B2B54D46D000D6006 /* MultiImagePicker.swift in Sources */ = {isa = PBXBuildFile; fileRef = 3BFC8D1A2B54D46D000D6006 /* MultiImagePicker.swift */; };
		3BFC8D1F2B5597C9000D6006 /* ProfileView.swift in Sources */ = {isa = PBXBuildFile; fileRef = 3BFC8D1E2B5597C9000D6006 /* ProfileView.swift */; };
		8042C38B2B807946003DE096 /* SearchOrganizationViewModel.swift in Sources */ = {isa = PBXBuildFile; fileRef = 8042C38A2B807946003DE096 /* SearchOrganizationViewModel.swift */; };
		8042C38D2B807957003DE096 /* SearchOrganizationModel.swift in Sources */ = {isa = PBXBuildFile; fileRef = 8042C38C2B807957003DE096 /* SearchOrganizationModel.swift */; };
		8042C38F2B809BA5003DE096 /* AsyncImageView.swift in Sources */ = {isa = PBXBuildFile; fileRef = 8042C38E2B809BA5003DE096 /* AsyncImageView.swift */; };
		8042C3912B80B9A5003DE096 /* SearchAnnouncementModel.swift in Sources */ = {isa = PBXBuildFile; fileRef = 8042C3902B80B9A5003DE096 /* SearchAnnouncementModel.swift */; };
		8042C3932B80BDFC003DE096 /* SearchAnnouncementViewModel.swift in Sources */ = {isa = PBXBuildFile; fileRef = 8042C3922B80BDFC003DE096 /* SearchAnnouncementViewModel.swift */; };
		8042C3A02B820A50003DE096 /* NotificationModel.swift in Sources */ = {isa = PBXBuildFile; fileRef = 8042C39F2B820A50003DE096 /* NotificationModel.swift */; };
		8042C3A22B820A5B003DE096 /* NotificationViewModel.swift in Sources */ = {isa = PBXBuildFile; fileRef = 8042C3A12B820A5B003DE096 /* NotificationViewModel.swift */; };
		806AF86A2B79DBD0008F7F62 /* CategoryModel.swift in Sources */ = {isa = PBXBuildFile; fileRef = 806AF8692B79DBD0008F7F62 /* CategoryModel.swift */; };
		806AF86C2B79EB3F008F7F62 /* CategoryModelData.swift in Sources */ = {isa = PBXBuildFile; fileRef = 806AF86B2B79EB3F008F7F62 /* CategoryModelData.swift */; };
		806AF8732B7B8504008F7F62 /* AnnouncementViewModel.swift in Sources */ = {isa = PBXBuildFile; fileRef = 806AF8722B7B8504008F7F62 /* AnnouncementViewModel.swift */; };
		806AF8752B7B8595008F7F62 /* AnnouncementModel.swift in Sources */ = {isa = PBXBuildFile; fileRef = 806AF8742B7B8595008F7F62 /* AnnouncementModel.swift */; };
		807BF83F2B51BCD400A659B9 /* SearchView.swift in Sources */ = {isa = PBXBuildFile; fileRef = 807BF83E2B51BCD400A659B9 /* SearchView.swift */; };
		80A25CAA2B828E6800BDDDE4 /* GoogleService-Info.plist in Resources */ = {isa = PBXBuildFile; fileRef = 80A25CA92B828E6800BDDDE4 /* GoogleService-Info.plist */; };
		80B41FFE2B77CCA40021DD90 /* NotificationView.swift in Sources */ = {isa = PBXBuildFile; fileRef = 80B41FFD2B77CCA40021DD90 /* NotificationView.swift */; };
		80B420022B77F2030021DD90 /* FirebaseAnalytics in Frameworks */ = {isa = PBXBuildFile; productRef = 80B420012B77F2030021DD90 /* FirebaseAnalytics */; };
		80B420042B77F2030021DD90 /* FirebaseAnalyticsOnDeviceConversion in Frameworks */ = {isa = PBXBuildFile; productRef = 80B420032B77F2030021DD90 /* FirebaseAnalyticsOnDeviceConversion */; };
		80B420062B77F2030021DD90 /* FirebaseAnalyticsSwift in Frameworks */ = {isa = PBXBuildFile; productRef = 80B420052B77F2030021DD90 /* FirebaseAnalyticsSwift */; };
		80B420082B77F2030021DD90 /* FirebaseAnalyticsWithoutAdIdSupport in Frameworks */ = {isa = PBXBuildFile; productRef = 80B420072B77F2030021DD90 /* FirebaseAnalyticsWithoutAdIdSupport */; };
		80B4200A2B77F2030021DD90 /* FirebaseAppCheck in Frameworks */ = {isa = PBXBuildFile; productRef = 80B420092B77F2030021DD90 /* FirebaseAppCheck */; };
		80B4200C2B77F24A0021DD90 /* FirebaseAnalytics in Frameworks */ = {isa = PBXBuildFile; productRef = 80B4200B2B77F24A0021DD90 /* FirebaseAnalytics */; };
		80B4200E2B77F24A0021DD90 /* FirebaseAnalyticsOnDeviceConversion in Frameworks */ = {isa = PBXBuildFile; productRef = 80B4200D2B77F24A0021DD90 /* FirebaseAnalyticsOnDeviceConversion */; };
		80B420102B77F24A0021DD90 /* FirebaseAnalyticsSwift in Frameworks */ = {isa = PBXBuildFile; productRef = 80B4200F2B77F24A0021DD90 /* FirebaseAnalyticsSwift */; };
		80B420122B77F24A0021DD90 /* FirebaseAnalyticsWithoutAdIdSupport in Frameworks */ = {isa = PBXBuildFile; productRef = 80B420112B77F24A0021DD90 /* FirebaseAnalyticsWithoutAdIdSupport */; };
		80B420142B77F24A0021DD90 /* FirebaseAppCheck in Frameworks */ = {isa = PBXBuildFile; productRef = 80B420132B77F24A0021DD90 /* FirebaseAppCheck */; };
		80B420162B77F24A0021DD90 /* FirebaseAppDistribution-Beta in Frameworks */ = {isa = PBXBuildFile; productRef = 80B420152B77F24A0021DD90 /* FirebaseAppDistribution-Beta */; };
		80B420182B77F24A0021DD90 /* FirebaseAuth in Frameworks */ = {isa = PBXBuildFile; productRef = 80B420172B77F24A0021DD90 /* FirebaseAuth */; };
		80B4201A2B77F24A0021DD90 /* FirebaseAuthCombine-Community in Frameworks */ = {isa = PBXBuildFile; productRef = 80B420192B77F24A0021DD90 /* FirebaseAuthCombine-Community */; };
		80B4201C2B77F24A0021DD90 /* FirebaseCrashlytics in Frameworks */ = {isa = PBXBuildFile; productRef = 80B4201B2B77F24A0021DD90 /* FirebaseCrashlytics */; };
		80B4201E2B77F24A0021DD90 /* FirebaseDatabase in Frameworks */ = {isa = PBXBuildFile; productRef = 80B4201D2B77F24A0021DD90 /* FirebaseDatabase */; };
		80B420202B77F24A0021DD90 /* FirebaseDatabaseSwift in Frameworks */ = {isa = PBXBuildFile; productRef = 80B4201F2B77F24A0021DD90 /* FirebaseDatabaseSwift */; };
		80B420222B77F24A0021DD90 /* FirebaseDynamicLinks in Frameworks */ = {isa = PBXBuildFile; productRef = 80B420212B77F24A0021DD90 /* FirebaseDynamicLinks */; };
		80B420242B77F24A0021DD90 /* FirebaseFirestore in Frameworks */ = {isa = PBXBuildFile; productRef = 80B420232B77F24A0021DD90 /* FirebaseFirestore */; };
		80B420262B77F24A0021DD90 /* FirebaseFirestoreCombine-Community in Frameworks */ = {isa = PBXBuildFile; productRef = 80B420252B77F24A0021DD90 /* FirebaseFirestoreCombine-Community */; };
		80B420282B77F24A0021DD90 /* FirebaseFirestoreSwift in Frameworks */ = {isa = PBXBuildFile; productRef = 80B420272B77F24A0021DD90 /* FirebaseFirestoreSwift */; };
		80B4202A2B77F24A0021DD90 /* FirebaseFunctions in Frameworks */ = {isa = PBXBuildFile; productRef = 80B420292B77F24A0021DD90 /* FirebaseFunctions */; };
		80B4202C2B77F24A0021DD90 /* FirebaseFunctionsCombine-Community in Frameworks */ = {isa = PBXBuildFile; productRef = 80B4202B2B77F24A0021DD90 /* FirebaseFunctionsCombine-Community */; };
		80B4202E2B77F24A0021DD90 /* FirebaseInAppMessaging-Beta in Frameworks */ = {isa = PBXBuildFile; productRef = 80B4202D2B77F24A0021DD90 /* FirebaseInAppMessaging-Beta */; };
		80B420302B77F24A0021DD90 /* FirebaseInAppMessagingSwift-Beta in Frameworks */ = {isa = PBXBuildFile; productRef = 80B4202F2B77F24A0021DD90 /* FirebaseInAppMessagingSwift-Beta */; };
		80B420322B77F24A0021DD90 /* FirebaseInstallations in Frameworks */ = {isa = PBXBuildFile; productRef = 80B420312B77F24A0021DD90 /* FirebaseInstallations */; };
		80B420342B77F24A0021DD90 /* FirebaseMLModelDownloader in Frameworks */ = {isa = PBXBuildFile; productRef = 80B420332B77F24A0021DD90 /* FirebaseMLModelDownloader */; };
		80B420362B77F24A0021DD90 /* FirebaseMessaging in Frameworks */ = {isa = PBXBuildFile; productRef = 80B420352B77F24A0021DD90 /* FirebaseMessaging */; };
		80B420382B77F24A0021DD90 /* FirebasePerformance in Frameworks */ = {isa = PBXBuildFile; productRef = 80B420372B77F24A0021DD90 /* FirebasePerformance */; };
		80B4203A2B77F24A0021DD90 /* FirebaseRemoteConfig in Frameworks */ = {isa = PBXBuildFile; productRef = 80B420392B77F24A0021DD90 /* FirebaseRemoteConfig */; };
		80B4203C2B77F24A0021DD90 /* FirebaseRemoteConfigSwift in Frameworks */ = {isa = PBXBuildFile; productRef = 80B4203B2B77F24A0021DD90 /* FirebaseRemoteConfigSwift */; };
		80B4203E2B77F24A0021DD90 /* FirebaseStorage in Frameworks */ = {isa = PBXBuildFile; productRef = 80B4203D2B77F24A0021DD90 /* FirebaseStorage */; };
		80B420402B77F24A0021DD90 /* FirebaseStorageCombine-Community in Frameworks */ = {isa = PBXBuildFile; productRef = 80B4203F2B77F24A0021DD90 /* FirebaseStorageCombine-Community */; };
		80FA31692B5EB9490076453B /* NewPostView.swift in Sources */ = {isa = PBXBuildFile; fileRef = 80FA31682B5EB9490076453B /* NewPostView.swift */; };
		80FA316D2B5EBA6B0076453B /* SearchOfferView.swift in Sources */ = {isa = PBXBuildFile; fileRef = 80FA316C2B5EBA6B0076453B /* SearchOfferView.swift */; };
		DF3AD3DF2B61626300DBFCCC /* OnBoardingView.swift in Sources */ = {isa = PBXBuildFile; fileRef = DF3AD3DE2B61626300DBFCCC /* OnBoardingView.swift */; };
		DF3AD3E12B61696000DBFCCC /* LoginView.swift in Sources */ = {isa = PBXBuildFile; fileRef = DF3AD3E02B61696000DBFCCC /* LoginView.swift */; };
		DF3AD3E32B621FFA00DBFCCC /* SearchPostView.swift in Sources */ = {isa = PBXBuildFile; fileRef = DF3AD3E22B621FFA00DBFCCC /* SearchPostView.swift */; };
		DF498F232B791EA800ADE078 /* LoginModel.swift in Sources */ = {isa = PBXBuildFile; fileRef = DF498F222B791EA800ADE078 /* LoginModel.swift */; };
		DF498F252B791EB400ADE078 /* LoginViewModel.swift in Sources */ = {isa = PBXBuildFile; fileRef = DF498F242B791EB400ADE078 /* LoginViewModel.swift */; };
		DF498F272B79B45D00ADE078 /* KeyChainManager.swift in Sources */ = {isa = PBXBuildFile; fileRef = DF498F262B79B45D00ADE078 /* KeyChainManager.swift */; };
		DF498F2A2B7CDDA200ADE078 /* MyAnnouncementsModel.swift in Sources */ = {isa = PBXBuildFile; fileRef = DF498F292B7CDDA200ADE078 /* MyAnnouncementsModel.swift */; };
		DF498F2C2B7CDDB200ADE078 /* MyAnnouncementsViewModel.swift in Sources */ = {isa = PBXBuildFile; fileRef = DF498F2B2B7CDDB200ADE078 /* MyAnnouncementsViewModel.swift */; };
		DF498F2E2B7DF4F600ADE078 /* LogoutModel.swift in Sources */ = {isa = PBXBuildFile; fileRef = DF498F2D2B7DF4F500ADE078 /* LogoutModel.swift */; };
		DF498F302B7DF50200ADE078 /* LogoutViewModel.swift in Sources */ = {isa = PBXBuildFile; fileRef = DF498F2F2B7DF50200ADE078 /* LogoutViewModel.swift */; };
		DF5AB1542B8228CC0061F421 /* MakeReportViewModel.swift in Sources */ = {isa = PBXBuildFile; fileRef = DF5AB1532B8228CC0061F421 /* MakeReportViewModel.swift */; };
		DF5AB1592B826ABB0061F421 /* CompanyPostView.swift in Sources */ = {isa = PBXBuildFile; fileRef = DF5AB1582B826ABB0061F421 /* CompanyPostView.swift */; };
		DF5AB15B2B827BAB0061F421 /* ReportViewModel.swift in Sources */ = {isa = PBXBuildFile; fileRef = DF5AB15A2B827BAB0061F421 /* ReportViewModel.swift */; };
		DF5B7E922B7FA430001C009C /* PortfolioOfferViewModel.swift in Sources */ = {isa = PBXBuildFile; fileRef = DF5B7E912B7FA430001C009C /* PortfolioOfferViewModel.swift */; };
		DF5B7E942B808DF1001C009C /* EditAnnouncementViewModel.swift in Sources */ = {isa = PBXBuildFile; fileRef = DF5B7E932B808DF0001C009C /* EditAnnouncementViewModel.swift */; };
		DF5B7E962B809257001C009C /* EditAnnouncementModel.swift in Sources */ = {isa = PBXBuildFile; fileRef = DF5B7E952B809257001C009C /* EditAnnouncementModel.swift */; };
		DF692B182B7E3DA700BF9B75 /* RefreshTokenModel.swift in Sources */ = {isa = PBXBuildFile; fileRef = DF692B172B7E3DA700BF9B75 /* RefreshTokenModel.swift */; };
		DF692B1A2B7E970F00BF9B75 /* EditAnnouncementView.swift in Sources */ = {isa = PBXBuildFile; fileRef = DF692B192B7E970F00BF9B75 /* EditAnnouncementView.swift */; };
		DF692B1C2B7EFC6F00BF9B75 /* ChangeAnnouncementStatusModel.swift in Sources */ = {isa = PBXBuildFile; fileRef = DF692B1B2B7EFC6F00BF9B75 /* ChangeAnnouncementStatusModel.swift */; };
		DF90A5AB2B64EB5500BC54D0 /* TermsView.swift in Sources */ = {isa = PBXBuildFile; fileRef = DF90A5AA2B64EB5500BC54D0 /* TermsView.swift */; };
		DF90A5AD2B664E5A00BC54D0 /* ProcessingPolicyView.swift in Sources */ = {isa = PBXBuildFile; fileRef = DF90A5AC2B664E5A00BC54D0 /* ProcessingPolicyView.swift */; };
		DF90A5B02B664E9600BC54D0 /* GatherAndUsageView.swift in Sources */ = {isa = PBXBuildFile; fileRef = DF90A5AF2B664E9600BC54D0 /* GatherAndUsageView.swift */; };
		DF90A5B22B664EBF00BC54D0 /* TermsAndConditionsView.swift in Sources */ = {isa = PBXBuildFile; fileRef = DF90A5B12B664EBF00BC54D0 /* TermsAndConditionsView.swift */; };
		DF90A5B42B664EE700BC54D0 /* ThirdPartyView.swift in Sources */ = {isa = PBXBuildFile; fileRef = DF90A5B32B664EE700BC54D0 /* ThirdPartyView.swift */; };
		DF90A5B62B6B7CF900BC54D0 /* RegisterIDView.swift in Sources */ = {isa = PBXBuildFile; fileRef = DF90A5B52B6B7CF900BC54D0 /* RegisterIDView.swift */; };
		DF90A5BE2B6E39A600BC54D0 /* RegisterPWView.swift in Sources */ = {isa = PBXBuildFile; fileRef = DF90A5BD2B6E39A600BC54D0 /* RegisterPWView.swift */; };
		DF90A5C02B6E534500BC54D0 /* SelectUserTypeView.swift in Sources */ = {isa = PBXBuildFile; fileRef = DF90A5BF2B6E534500BC54D0 /* SelectUserTypeView.swift */; };
		DF91F4042B4864330021291A /* Portfolio.swift in Sources */ = {isa = PBXBuildFile; fileRef = DF91F4032B4864330021291A /* Portfolio.swift */; };
		DFB22ED72B766FF3007903DF /* JoinModel.swift in Sources */ = {isa = PBXBuildFile; fileRef = DFB22ED62B766FF3007903DF /* JoinModel.swift */; };
		DFB22ED92B767003007903DF /* JoinViewModel.swift in Sources */ = {isa = PBXBuildFile; fileRef = DFB22ED82B767003007903DF /* JoinViewModel.swift */; };
		DFCD247C2B54D08100B00515 /* PopupView in Frameworks */ = {isa = PBXBuildFile; productRef = DFCD247B2B54D08100B00515 /* PopupView */; };
		DFCD24822B5A67FC00B00515 /* DocumentPicker.swift in Sources */ = {isa = PBXBuildFile; fileRef = DFCD24812B5A67FC00B00515 /* DocumentPicker.swift */; };
/* End PBXBuildFile section */

/* Begin PBXFileReference section */
		10025B362B7B802F00DCCC5A /* ProposalModel.swift */ = {isa = PBXFileReference; lastKnownFileType = sourcecode.swift; path = ProposalModel.swift; sourceTree = "<group>"; };
		10025B382B7B804400DCCC5A /* SentViewModel.swift */ = {isa = PBXFileReference; lastKnownFileType = sourcecode.swift; path = SentViewModel.swift; sourceTree = "<group>"; };
		10025B3A2B7BA13D00DCCC5A /* ProposalDetailModel.swift */ = {isa = PBXFileReference; lastKnownFileType = sourcecode.swift; path = ProposalDetailModel.swift; sourceTree = "<group>"; };
		10025B3C2B7BA14900DCCC5A /* ProposalDetailViewModel.swift */ = {isa = PBXFileReference; lastKnownFileType = sourcecode.swift; path = ProposalDetailViewModel.swift; sourceTree = "<group>"; };
		10025B402B7C024200DCCC5A /* OrganizationViewModel.swift */ = {isa = PBXFileReference; lastKnownFileType = sourcecode.swift; path = OrganizationViewModel.swift; sourceTree = "<group>"; };
		10025B452B7C154800DCCC5A /* ReceivedViewModel.swift */ = {isa = PBXFileReference; lastKnownFileType = sourcecode.swift; path = ReceivedViewModel.swift; sourceTree = "<group>"; };
		100A1E2F2B71637A00AAC1E8 /* MyProfileView.swift */ = {isa = PBXFileReference; lastKnownFileType = sourcecode.swift; path = MyProfileView.swift; sourceTree = "<group>"; };
		100A1E372B734DB200AAC1E8 /* EmailModel.swift */ = {isa = PBXFileReference; lastKnownFileType = sourcecode.swift; path = EmailModel.swift; sourceTree = "<group>"; };
		100A1E392B734DDE00AAC1E8 /* EmailViewModel.swift */ = {isa = PBXFileReference; lastKnownFileType = sourcecode.swift; path = EmailViewModel.swift; sourceTree = "<group>"; };
		100D387D2B44826500498977 /* Spon-us.app */ = {isa = PBXFileReference; explicitFileType = wrapper.application; includeInIndex = 0; path = "Spon-us.app"; sourceTree = BUILT_PRODUCTS_DIR; };
		100D38952B44833500498977 /* FontManager.swift */ = {isa = PBXFileReference; fileEncoding = 4; lastKnownFileType = sourcecode.swift; path = FontManager.swift; sourceTree = "<group>"; };
		100D38962B44833500498977 /* SUIT-Bold.otf */ = {isa = PBXFileReference; lastKnownFileType = file; path = "SUIT-Bold.otf"; sourceTree = "<group>"; };
		100D38972B44833500498977 /* SUIT-Medium.otf */ = {isa = PBXFileReference; lastKnownFileType = file; path = "SUIT-Medium.otf"; sourceTree = "<group>"; };
		100D38982B44833500498977 /* Pretendard-Medium.otf */ = {isa = PBXFileReference; lastKnownFileType = file; path = "Pretendard-Medium.otf"; sourceTree = "<group>"; };
		100D38992B44833500498977 /* Pretendard-SemiBold.otf */ = {isa = PBXFileReference; lastKnownFileType = file; path = "Pretendard-SemiBold.otf"; sourceTree = "<group>"; };
		100D389F2B44833F00498977 /* Info.plist */ = {isa = PBXFileReference; fileEncoding = 4; lastKnownFileType = text.plist.xml; path = Info.plist; sourceTree = "<group>"; };
		100D38A22B44834700498977 /* Preview Assets.xcassets */ = {isa = PBXFileReference; lastKnownFileType = folder.assetcatalog; path = "Preview Assets.xcassets"; sourceTree = "<group>"; };
		100D38A62B44836800498977 /* Spon_usApp.swift */ = {isa = PBXFileReference; fileEncoding = 4; lastKnownFileType = sourcecode.swift; path = Spon_usApp.swift; sourceTree = "<group>"; };
		100D38AC2B44844F00498977 /* Assets.xcassets */ = {isa = PBXFileReference; lastKnownFileType = folder.assetcatalog; path = Assets.xcassets; sourceTree = "<group>"; };
		100D38B02B44852700498977 /* ContentView.swift */ = {isa = PBXFileReference; fileEncoding = 4; lastKnownFileType = sourcecode.swift; name = ContentView.swift; path = "Spon-us/ContentView.swift"; sourceTree = SOURCE_ROOT; };
		100D38B22B4EF15600498977 /* HomeView.swift */ = {isa = PBXFileReference; lastKnownFileType = sourcecode.swift; path = HomeView.swift; sourceTree = "<group>"; };
		100D38B52B4EF51E00498977 /* SavedView.swift */ = {isa = PBXFileReference; lastKnownFileType = sourcecode.swift; path = SavedView.swift; sourceTree = "<group>"; };
		100D38B72B4EF54100498977 /* CategoryView.swift */ = {isa = PBXFileReference; lastKnownFileType = sourcecode.swift; path = CategoryView.swift; sourceTree = "<group>"; };
		100D38B92B4EF54C00498977 /* MyView.swift */ = {isa = PBXFileReference; lastKnownFileType = sourcecode.swift; path = MyView.swift; sourceTree = "<group>"; };
		1031EC7B2B68B9F20016655B /* AnnouncementView.swift */ = {isa = PBXFileReference; lastKnownFileType = sourcecode.swift; path = AnnouncementView.swift; sourceTree = "<group>"; };
		10584CBF2B81EE84007F7A3F /* GoogleService-Info.plist */ = {isa = PBXFileReference; fileEncoding = 4; lastKnownFileType = text.plist; name = "GoogleService-Info.plist"; path = "/Desktop/GoogleService-Info.plist"; sourceTree = "<absolute>"; };
		105A46CC2B826DC70039FD70 /* GoogleService-Info.plist */ = {isa = PBXFileReference; fileEncoding = 4; lastKnownFileType = text.plist.xml; name = "GoogleService-Info.plist"; path = "../../../../Desktop/GoogleService-Info.plist"; sourceTree = "<group>"; };
		106720012B5835FA00493354 /* SendOfferView.swift */ = {isa = PBXFileReference; lastKnownFileType = sourcecode.swift; path = SendOfferView.swift; sourceTree = "<group>"; };
		107D6E682B7A8273005B6261 /* OrganizationModel.swift */ = {isa = PBXFileReference; lastKnownFileType = sourcecode.swift; path = OrganizationModel.swift; sourceTree = "<group>"; };
		107D6E6A2B7A83AB005B6261 /* MyOrganizationViewModel.swift */ = {isa = PBXFileReference; lastKnownFileType = sourcecode.swift; path = MyOrganizationViewModel.swift; sourceTree = "<group>"; };
		109ED8672B80C61A00304695 /* SponusAPI.swift */ = {isa = PBXFileReference; fileEncoding = 4; lastKnownFileType = sourcecode.swift; path = SponusAPI.swift; sourceTree = "<group>"; };
		109F9E272B6E692B006B7D63 /* MyTermsView.swift */ = {isa = PBXFileReference; lastKnownFileType = sourcecode.swift; path = MyTermsView.swift; sourceTree = "<group>"; };
		109F9E292B6E7536006B7D63 /* CouponView.swift */ = {isa = PBXFileReference; lastKnownFileType = sourcecode.swift; path = CouponView.swift; sourceTree = "<group>"; };
		10BC6B422B828D7A007D1D9A /* SavedModel.swift */ = {isa = PBXFileReference; lastKnownFileType = sourcecode.swift; path = SavedModel.swift; sourceTree = "<group>"; };
		10BC6B442B828EB8007D1D9A /* SavedViewModel.swift */ = {isa = PBXFileReference; lastKnownFileType = sourcecode.swift; path = SavedViewModel.swift; sourceTree = "<group>"; };
		10BC6B462B829EAF007D1D9A /* SavedListModel.swift */ = {isa = PBXFileReference; lastKnownFileType = sourcecode.swift; path = SavedListModel.swift; sourceTree = "<group>"; };
		10BC6B482B829F7A007D1D9A /* SavedListViewModel.swift */ = {isa = PBXFileReference; lastKnownFileType = sourcecode.swift; path = SavedListViewModel.swift; sourceTree = "<group>"; };
		10C8AC602B5C340D00B40547 /* SendOfferPostView.swift */ = {isa = PBXFileReference; lastKnownFileType = sourcecode.swift; path = SendOfferPostView.swift; sourceTree = "<group>"; };
		10C8AC642B5EA69B00B40547 /* ChargerInfoView.swift */ = {isa = PBXFileReference; lastKnownFileType = sourcecode.swift; path = ChargerInfoView.swift; sourceTree = "<group>"; };
		10EBD80C2B6F783F0082CD8E /* HonorInfoEditView.swift */ = {isa = PBXFileReference; lastKnownFileType = sourcecode.swift; path = HonorInfoEditView.swift; sourceTree = "<group>"; };
		10EBD8102B6FD6D60082CD8E /* ProfileEditView.swift */ = {isa = PBXFileReference; fileEncoding = 4; lastKnownFileType = sourcecode.swift; path = ProfileEditView.swift; sourceTree = "<group>"; };
		10EBD8122B6FF2350082CD8E /* ImagePicker.swift */ = {isa = PBXFileReference; lastKnownFileType = sourcecode.swift; path = ImagePicker.swift; sourceTree = "<group>"; };
		3B2021762B4C56000010CA02 /* ProposalReceivedListView.swift */ = {isa = PBXFileReference; lastKnownFileType = sourcecode.swift; path = ProposalReceivedListView.swift; sourceTree = "<group>"; };
		3B36F0992B6FEB800000ACFB /* PaymentSettingView.swift */ = {isa = PBXFileReference; lastKnownFileType = sourcecode.swift; path = PaymentSettingView.swift; sourceTree = "<group>"; };
		3B36F09B2B6FEBA00000ACFB /* ChargerInfoViewTest.swift */ = {isa = PBXFileReference; lastKnownFileType = sourcecode.swift; path = ChargerInfoViewTest.swift; sourceTree = "<group>"; };
		3B36F09D2B6FEBBC0000ACFB /* PaymentView.swift */ = {isa = PBXFileReference; lastKnownFileType = sourcecode.swift; path = PaymentView.swift; sourceTree = "<group>"; };
		3B36F0A02B6FEBF60000ACFB /* Utils.swift */ = {isa = PBXFileReference; lastKnownFileType = sourcecode.swift; path = Utils.swift; sourceTree = "<group>"; };
		3B36F0A22B6FEC0B0000ACFB /* PortOneViewModel.swift */ = {isa = PBXFileReference; lastKnownFileType = sourcecode.swift; path = PortOneViewModel.swift; sourceTree = "<group>"; };
		3B36F0A52B6FEC2F0000ACFB /* Order.swift */ = {isa = PBXFileReference; lastKnownFileType = sourcecode.swift; path = Order.swift; sourceTree = "<group>"; };
		3B36F0A72B6FEC3C0000ACFB /* PubData.swift */ = {isa = PBXFileReference; lastKnownFileType = sourcecode.swift; path = PubData.swift; sourceTree = "<group>"; };
		3B81BCB12B622EBF0067E9CB /* StoreKitManager.swift */ = {isa = PBXFileReference; lastKnownFileType = sourcecode.swift; path = StoreKitManager.swift; sourceTree = "<group>"; };
		3B81BCB32B622ED00067E9CB /* StoreKitTestView.swift */ = {isa = PBXFileReference; lastKnownFileType = sourcecode.swift; path = StoreKitTestView.swift; sourceTree = "<group>"; };
		3B81BCB52B622EEA0067E9CB /* Extension.swift */ = {isa = PBXFileReference; lastKnownFileType = sourcecode.swift; path = Extension.swift; sourceTree = "<group>"; };
		3B81BCB72B622F080067E9CB /* MyNoticeListView.swift */ = {isa = PBXFileReference; lastKnownFileType = sourcecode.swift; path = MyNoticeListView.swift; sourceTree = "<group>"; };
		3B81BCB92B622F280067E9CB /* MyNoticeDetailView.swift */ = {isa = PBXFileReference; lastKnownFileType = sourcecode.swift; path = MyNoticeDetailView.swift; sourceTree = "<group>"; };
		3B81BCBD2B62312C0067E9CB /* Product.storekit */ = {isa = PBXFileReference; lastKnownFileType = text; path = Product.storekit; sourceTree = "<group>"; };
		3B81BCBF2B6231680067E9CB /* ProductList.plist */ = {isa = PBXFileReference; lastKnownFileType = text.plist.xml; path = ProductList.plist; sourceTree = "<group>"; };
		3BA7C0992B82BA1E00654B62 /* ReceivedOfferMyAnnouncementsViewModel.swift */ = {isa = PBXFileReference; lastKnownFileType = sourcecode.swift; path = ReceivedOfferMyAnnouncementsViewModel.swift; sourceTree = "<group>"; };
		3BA7C09D2B82BCFD00654B62 /* GoogleService-Info.plist */ = {isa = PBXFileReference; fileEncoding = 4; lastKnownFileType = text.plist.xml; name = "GoogleService-Info.plist"; path = "../../../../Downloads/GoogleService-Info.plist"; sourceTree = "<group>"; };
		3BFC8D142B54AA55000D6006 /* EditPostView.swift */ = {isa = PBXFileReference; lastKnownFileType = sourcecode.swift; path = EditPostView.swift; sourceTree = "<group>"; };
		3BFC8D1A2B54D46D000D6006 /* MultiImagePicker.swift */ = {isa = PBXFileReference; lastKnownFileType = sourcecode.swift; path = MultiImagePicker.swift; sourceTree = "<group>"; };
		3BFC8D1E2B5597C9000D6006 /* ProfileView.swift */ = {isa = PBXFileReference; lastKnownFileType = sourcecode.swift; path = ProfileView.swift; sourceTree = "<group>"; };
		8042C38A2B807946003DE096 /* SearchOrganizationViewModel.swift */ = {isa = PBXFileReference; lastKnownFileType = sourcecode.swift; path = SearchOrganizationViewModel.swift; sourceTree = "<group>"; };
		8042C38C2B807957003DE096 /* SearchOrganizationModel.swift */ = {isa = PBXFileReference; lastKnownFileType = sourcecode.swift; path = SearchOrganizationModel.swift; sourceTree = "<group>"; };
		8042C38E2B809BA5003DE096 /* AsyncImageView.swift */ = {isa = PBXFileReference; lastKnownFileType = sourcecode.swift; path = AsyncImageView.swift; sourceTree = "<group>"; };
		8042C3902B80B9A5003DE096 /* SearchAnnouncementModel.swift */ = {isa = PBXFileReference; lastKnownFileType = sourcecode.swift; path = SearchAnnouncementModel.swift; sourceTree = "<group>"; };
		8042C3922B80BDFC003DE096 /* SearchAnnouncementViewModel.swift */ = {isa = PBXFileReference; lastKnownFileType = sourcecode.swift; path = SearchAnnouncementViewModel.swift; sourceTree = "<group>"; };
		8042C39F2B820A50003DE096 /* NotificationModel.swift */ = {isa = PBXFileReference; lastKnownFileType = sourcecode.swift; path = NotificationModel.swift; sourceTree = "<group>"; };
		8042C3A12B820A5B003DE096 /* NotificationViewModel.swift */ = {isa = PBXFileReference; lastKnownFileType = sourcecode.swift; path = NotificationViewModel.swift; sourceTree = "<group>"; };
		806AF8692B79DBD0008F7F62 /* CategoryModel.swift */ = {isa = PBXFileReference; lastKnownFileType = sourcecode.swift; path = CategoryModel.swift; sourceTree = "<group>"; };
		806AF86B2B79EB3F008F7F62 /* CategoryModelData.swift */ = {isa = PBXFileReference; lastKnownFileType = sourcecode.swift; path = CategoryModelData.swift; sourceTree = "<group>"; };
		806AF8722B7B8504008F7F62 /* AnnouncementViewModel.swift */ = {isa = PBXFileReference; lastKnownFileType = sourcecode.swift; path = AnnouncementViewModel.swift; sourceTree = "<group>"; };
		806AF8742B7B8595008F7F62 /* AnnouncementModel.swift */ = {isa = PBXFileReference; lastKnownFileType = sourcecode.swift; path = AnnouncementModel.swift; sourceTree = "<group>"; };
		807BF83E2B51BCD400A659B9 /* SearchView.swift */ = {isa = PBXFileReference; lastKnownFileType = sourcecode.swift; path = SearchView.swift; sourceTree = "<group>"; };
		80A25CA92B828E6800BDDDE4 /* GoogleService-Info.plist */ = {isa = PBXFileReference; fileEncoding = 4; lastKnownFileType = text.plist.xml; name = "GoogleService-Info.plist"; path = "../../GoogleService-Info.plist"; sourceTree = "<group>"; };
		80B41FFD2B77CCA40021DD90 /* NotificationView.swift */ = {isa = PBXFileReference; lastKnownFileType = sourcecode.swift; path = NotificationView.swift; sourceTree = "<group>"; };
		80B41FFF2B77F0DF0021DD90 /* Spon-us.entitlements */ = {isa = PBXFileReference; lastKnownFileType = text.plist.entitlements; path = "Spon-us.entitlements"; sourceTree = "<group>"; };
		80FA31682B5EB9490076453B /* NewPostView.swift */ = {isa = PBXFileReference; lastKnownFileType = sourcecode.swift; path = NewPostView.swift; sourceTree = "<group>"; };
		80FA316C2B5EBA6B0076453B /* SearchOfferView.swift */ = {isa = PBXFileReference; lastKnownFileType = sourcecode.swift; path = SearchOfferView.swift; sourceTree = "<group>"; };
		DF3AD3DE2B61626300DBFCCC /* OnBoardingView.swift */ = {isa = PBXFileReference; lastKnownFileType = sourcecode.swift; path = OnBoardingView.swift; sourceTree = "<group>"; };
		DF3AD3E02B61696000DBFCCC /* LoginView.swift */ = {isa = PBXFileReference; lastKnownFileType = sourcecode.swift; path = LoginView.swift; sourceTree = "<group>"; };
		DF3AD3E22B621FFA00DBFCCC /* SearchPostView.swift */ = {isa = PBXFileReference; lastKnownFileType = sourcecode.swift; path = SearchPostView.swift; sourceTree = "<group>"; };
		DF498F222B791EA800ADE078 /* LoginModel.swift */ = {isa = PBXFileReference; lastKnownFileType = sourcecode.swift; path = LoginModel.swift; sourceTree = "<group>"; };
		DF498F242B791EB400ADE078 /* LoginViewModel.swift */ = {isa = PBXFileReference; lastKnownFileType = sourcecode.swift; path = LoginViewModel.swift; sourceTree = "<group>"; };
		DF498F262B79B45D00ADE078 /* KeyChainManager.swift */ = {isa = PBXFileReference; lastKnownFileType = sourcecode.swift; path = KeyChainManager.swift; sourceTree = "<group>"; };
		DF498F292B7CDDA200ADE078 /* MyAnnouncementsModel.swift */ = {isa = PBXFileReference; lastKnownFileType = sourcecode.swift; path = MyAnnouncementsModel.swift; sourceTree = "<group>"; };
		DF498F2B2B7CDDB200ADE078 /* MyAnnouncementsViewModel.swift */ = {isa = PBXFileReference; lastKnownFileType = sourcecode.swift; path = MyAnnouncementsViewModel.swift; sourceTree = "<group>"; };
		DF498F2D2B7DF4F500ADE078 /* LogoutModel.swift */ = {isa = PBXFileReference; lastKnownFileType = sourcecode.swift; path = LogoutModel.swift; sourceTree = "<group>"; };
		DF498F2F2B7DF50200ADE078 /* LogoutViewModel.swift */ = {isa = PBXFileReference; lastKnownFileType = sourcecode.swift; path = LogoutViewModel.swift; sourceTree = "<group>"; };
		DF5AB1532B8228CC0061F421 /* MakeReportViewModel.swift */ = {isa = PBXFileReference; lastKnownFileType = sourcecode.swift; path = MakeReportViewModel.swift; sourceTree = "<group>"; };
		DF5AB1582B826ABB0061F421 /* CompanyPostView.swift */ = {isa = PBXFileReference; fileEncoding = 4; lastKnownFileType = sourcecode.swift; path = CompanyPostView.swift; sourceTree = "<group>"; };
		DF5AB15A2B827BAB0061F421 /* ReportViewModel.swift */ = {isa = PBXFileReference; lastKnownFileType = sourcecode.swift; path = ReportViewModel.swift; sourceTree = "<group>"; };
		DF5B7E912B7FA430001C009C /* PortfolioOfferViewModel.swift */ = {isa = PBXFileReference; lastKnownFileType = sourcecode.swift; path = PortfolioOfferViewModel.swift; sourceTree = "<group>"; };
		DF5B7E932B808DF0001C009C /* EditAnnouncementViewModel.swift */ = {isa = PBXFileReference; lastKnownFileType = sourcecode.swift; path = EditAnnouncementViewModel.swift; sourceTree = "<group>"; };
		DF5B7E952B809257001C009C /* EditAnnouncementModel.swift */ = {isa = PBXFileReference; lastKnownFileType = sourcecode.swift; path = EditAnnouncementModel.swift; sourceTree = "<group>"; };
		DF692B172B7E3DA700BF9B75 /* RefreshTokenModel.swift */ = {isa = PBXFileReference; lastKnownFileType = sourcecode.swift; path = RefreshTokenModel.swift; sourceTree = "<group>"; };
		DF692B192B7E970F00BF9B75 /* EditAnnouncementView.swift */ = {isa = PBXFileReference; lastKnownFileType = sourcecode.swift; path = EditAnnouncementView.swift; sourceTree = "<group>"; };
		DF692B1B2B7EFC6F00BF9B75 /* ChangeAnnouncementStatusModel.swift */ = {isa = PBXFileReference; lastKnownFileType = sourcecode.swift; path = ChangeAnnouncementStatusModel.swift; sourceTree = "<group>"; };
		DF90A5AA2B64EB5500BC54D0 /* TermsView.swift */ = {isa = PBXFileReference; lastKnownFileType = sourcecode.swift; path = TermsView.swift; sourceTree = "<group>"; };
		DF90A5AC2B664E5A00BC54D0 /* ProcessingPolicyView.swift */ = {isa = PBXFileReference; lastKnownFileType = sourcecode.swift; path = ProcessingPolicyView.swift; sourceTree = "<group>"; };
		DF90A5AF2B664E9600BC54D0 /* GatherAndUsageView.swift */ = {isa = PBXFileReference; lastKnownFileType = sourcecode.swift; path = GatherAndUsageView.swift; sourceTree = "<group>"; };
		DF90A5B12B664EBF00BC54D0 /* TermsAndConditionsView.swift */ = {isa = PBXFileReference; lastKnownFileType = sourcecode.swift; path = TermsAndConditionsView.swift; sourceTree = "<group>"; };
		DF90A5B32B664EE700BC54D0 /* ThirdPartyView.swift */ = {isa = PBXFileReference; lastKnownFileType = sourcecode.swift; path = ThirdPartyView.swift; sourceTree = "<group>"; };
		DF90A5B52B6B7CF900BC54D0 /* RegisterIDView.swift */ = {isa = PBXFileReference; lastKnownFileType = sourcecode.swift; path = RegisterIDView.swift; sourceTree = "<group>"; };
		DF90A5BD2B6E39A600BC54D0 /* RegisterPWView.swift */ = {isa = PBXFileReference; lastKnownFileType = sourcecode.swift; path = RegisterPWView.swift; sourceTree = "<group>"; };
		DF90A5BF2B6E534500BC54D0 /* SelectUserTypeView.swift */ = {isa = PBXFileReference; lastKnownFileType = sourcecode.swift; path = SelectUserTypeView.swift; sourceTree = "<group>"; };
		DF91F4032B4864330021291A /* Portfolio.swift */ = {isa = PBXFileReference; lastKnownFileType = sourcecode.swift; path = Portfolio.swift; sourceTree = "<group>"; };
		DFB22ED62B766FF3007903DF /* JoinModel.swift */ = {isa = PBXFileReference; lastKnownFileType = sourcecode.swift; path = JoinModel.swift; sourceTree = "<group>"; };
		DFB22ED82B767003007903DF /* JoinViewModel.swift */ = {isa = PBXFileReference; lastKnownFileType = sourcecode.swift; path = JoinViewModel.swift; sourceTree = "<group>"; };
		DFCD24812B5A67FC00B00515 /* DocumentPicker.swift */ = {isa = PBXFileReference; lastKnownFileType = sourcecode.swift; path = DocumentPicker.swift; sourceTree = "<group>"; };
/* End PBXFileReference section */

/* Begin PBXFrameworksBuildPhase section */
		100D387A2B44826500498977 /* Frameworks */ = {
			isa = PBXFrameworksBuildPhase;
			buildActionMask = 2147483647;
			files = (
				100A1E432B73596600AAC1E8 /* RxMoya in Frameworks */,
				80B420142B77F24A0021DD90 /* FirebaseAppCheck in Frameworks */,
				DFCD247C2B54D08100B00515 /* PopupView in Frameworks */,
				80B4201C2B77F24A0021DD90 /* FirebaseCrashlytics in Frameworks */,
				80B420022B77F2030021DD90 /* FirebaseAnalytics in Frameworks */,
				80B4200E2B77F24A0021DD90 /* FirebaseAnalyticsOnDeviceConversion in Frameworks */,
				3B36F0AB2B6FEC4E0000ACFB /* iamport-ios in Frameworks */,
				80B420382B77F24A0021DD90 /* FirebasePerformance in Frameworks */,
				80B4200C2B77F24A0021DD90 /* FirebaseAnalytics in Frameworks */,
				80B4203E2B77F24A0021DD90 /* FirebaseStorage in Frameworks */,
				80B4201E2B77F24A0021DD90 /* FirebaseDatabase in Frameworks */,
				80B4200A2B77F2030021DD90 /* FirebaseAppCheck in Frameworks */,
				80B420122B77F24A0021DD90 /* FirebaseAnalyticsWithoutAdIdSupport in Frameworks */,
				80B420222B77F24A0021DD90 /* FirebaseDynamicLinks in Frameworks */,
				80B4203C2B77F24A0021DD90 /* FirebaseRemoteConfigSwift in Frameworks */,
				80B420202B77F24A0021DD90 /* FirebaseDatabaseSwift in Frameworks */,
				80B420402B77F24A0021DD90 /* FirebaseStorageCombine-Community in Frameworks */,
				80B420262B77F24A0021DD90 /* FirebaseFirestoreCombine-Community in Frameworks */,
				80B420082B77F2030021DD90 /* FirebaseAnalyticsWithoutAdIdSupport in Frameworks */,
				80B4202A2B77F24A0021DD90 /* FirebaseFunctions in Frameworks */,
				80B420062B77F2030021DD90 /* FirebaseAnalyticsSwift in Frameworks */,
				80B420102B77F24A0021DD90 /* FirebaseAnalyticsSwift in Frameworks */,
				80B420342B77F24A0021DD90 /* FirebaseMLModelDownloader in Frameworks */,
				80B420302B77F24A0021DD90 /* FirebaseInAppMessagingSwift-Beta in Frameworks */,
				80B420282B77F24A0021DD90 /* FirebaseFirestoreSwift in Frameworks */,
				80B420042B77F2030021DD90 /* FirebaseAnalyticsOnDeviceConversion in Frameworks */,
				80B420182B77F24A0021DD90 /* FirebaseAuth in Frameworks */,
				100A1E462B7359DC00AAC1E8 /* KeychainSwift in Frameworks */,
				100A1E3F2B73596600AAC1E8 /* Moya in Frameworks */,
				100A1E412B73596600AAC1E8 /* ReactiveMoya in Frameworks */,
				80B4203A2B77F24A0021DD90 /* FirebaseRemoteConfig in Frameworks */,
				80B420362B77F24A0021DD90 /* FirebaseMessaging in Frameworks */,
				100A1E3D2B73596600AAC1E8 /* CombineMoya in Frameworks */,
				80B420162B77F24A0021DD90 /* FirebaseAppDistribution-Beta in Frameworks */,
				80B420322B77F24A0021DD90 /* FirebaseInstallations in Frameworks */,
				80B4202C2B77F24A0021DD90 /* FirebaseFunctionsCombine-Community in Frameworks */,
				80B420242B77F24A0021DD90 /* FirebaseFirestore in Frameworks */,
				80B4201A2B77F24A0021DD90 /* FirebaseAuthCombine-Community in Frameworks */,
				80B4202E2B77F24A0021DD90 /* FirebaseInAppMessaging-Beta in Frameworks */,
			);
			runOnlyForDeploymentPostprocessing = 0;
		};
/* End PBXFrameworksBuildPhase section */

/* Begin PBXGroup section */
		10025B352B7B7B8700DCCC5A /* SendOffer */ = {
			isa = PBXGroup;
			children = (
				10025B362B7B802F00DCCC5A /* ProposalModel.swift */,
				10025B382B7B804400DCCC5A /* SentViewModel.swift */,
				10025B3A2B7BA13D00DCCC5A /* ProposalDetailModel.swift */,
				10025B3C2B7BA14900DCCC5A /* ProposalDetailViewModel.swift */,
				10025B402B7C024200DCCC5A /* OrganizationViewModel.swift */,
			);
			path = SendOffer;
			sourceTree = "<group>";
		};
		10025B422B7C139300DCCC5A /* ReceivedOffer */ = {
			isa = PBXGroup;
			children = (
				10025B452B7C154800DCCC5A /* ReceivedViewModel.swift */,
				3BA7C0992B82BA1E00654B62 /* ReceivedOfferMyAnnouncementsViewModel.swift */,
			);
			path = ReceivedOffer;
			sourceTree = "<group>";
		};
		100A1E352B7348DB00AAC1E8 /* Model */ = {
			isa = PBXGroup;
			children = (
				8042C39E2B820A18003DE096 /* Notification */,
				8042C3882B80784E003DE096 /* Search */,
				100A1E362B734DA500AAC1E8 /* Onboarding */,
				DF498F282B7CDD8200ADE078 /* Portfolio */,
				806AF8712B7B84F2008F7F62 /* Announcement */,
				10BC6B412B828D3B007D1D9A /* Saved */,
				806AF8682B79D985008F7F62 /* Category */,
				10025B422B7C139300DCCC5A /* ReceivedOffer */,
				10025B352B7B7B8700DCCC5A /* SendOffer */,
				107D6E672B7A821D005B6261 /* MyPage */,
				DF692B172B7E3DA700BF9B75 /* RefreshTokenModel.swift */,
			);
			path = Model;
			sourceTree = "<group>";
		};
		100A1E362B734DA500AAC1E8 /* Onboarding */ = {
			isa = PBXGroup;
			children = (
				100A1E372B734DB200AAC1E8 /* EmailModel.swift */,
				100A1E392B734DDE00AAC1E8 /* EmailViewModel.swift */,
				DFB22ED62B766FF3007903DF /* JoinModel.swift */,
				DFB22ED82B767003007903DF /* JoinViewModel.swift */,
				DF498F222B791EA800ADE078 /* LoginModel.swift */,
				DF498F242B791EB400ADE078 /* LoginViewModel.swift */,
				DF498F2D2B7DF4F500ADE078 /* LogoutModel.swift */,
				DF498F2F2B7DF50200ADE078 /* LogoutViewModel.swift */,
			);
			path = Onboarding;
			sourceTree = "<group>";
		};
		100D38742B44826500498977 = {
			isa = PBXGroup;
			children = (
				100D387F2B44826500498977 /* Spon-us */,
				100D387E2B44826500498977 /* Products */,
				DF5AB1552B8265740061F421 /* Recovered References */,
			);
			sourceTree = "<group>";
		};
		100D387E2B44826500498977 /* Products */ = {
			isa = PBXGroup;
			children = (
				100D387D2B44826500498977 /* Spon-us.app */,
			);
			name = Products;
			sourceTree = "<group>";
		};
		100D387F2B44826500498977 /* Spon-us */ = {
			isa = PBXGroup;
			children = (
				80A25CA92B828E6800BDDDE4 /* GoogleService-Info.plist */,
				80B41FFF2B77F0DF0021DD90 /* Spon-us.entitlements */,
				100D389F2B44833F00498977 /* Info.plist */,
				3B36F09F2B6FEBCB0000ACFB /* PortOne */,
				3B81BCB02B622E950067E9CB /* Manager */,
				3BFC8D192B54D43C000D6006 /* Helper */,
				100D38942B44833500498977 /* Font */,
				109ED8672B80C61A00304695 /* SponusAPI.swift */,
				100A1E352B7348DB00AAC1E8 /* Model */,
				100D38B42B4EF18C00498977 /* View */,
				100D38A62B44836800498977 /* Spon_usApp.swift */,
				100D38B02B44852700498977 /* ContentView.swift */,
				100D38AC2B44844F00498977 /* Assets.xcassets */,
				100D38A12B44834700498977 /* Preview Content */,
			);
			path = "Spon-us";
			sourceTree = "<group>";
		};
		100D38942B44833500498977 /* Font */ = {
			isa = PBXGroup;
			children = (
				100D38952B44833500498977 /* FontManager.swift */,
				100D38962B44833500498977 /* SUIT-Bold.otf */,
				100D38972B44833500498977 /* SUIT-Medium.otf */,
				100D38982B44833500498977 /* Pretendard-Medium.otf */,
				100D38992B44833500498977 /* Pretendard-SemiBold.otf */,
			);
			path = Font;
			sourceTree = "<group>";
		};
		100D38A12B44834700498977 /* Preview Content */ = {
			isa = PBXGroup;
			children = (
				100D38A22B44834700498977 /* Preview Assets.xcassets */,
			);
			name = "Preview Content";
			path = "Preview Content/Preview Content";
			sourceTree = "<group>";
		};
		100D38B42B4EF18C00498977 /* View */ = {
			isa = PBXGroup;
			children = (
				8042C3892B80785B003DE096 /* Search */,
				80B41FFC2B77CC910021DD90 /* Notification */,
				DF3AD3DD2B61513D00DBFCCC /* Onboarding */,
				3BFC8D1E2B5597C9000D6006 /* ProfileView.swift */,
				10C8AC802B623F1900B40547 /* Home */,
				10C8AC812B623F8200B40547 /* ReceivedOffer */,
				10C8AC5F2B5C33D900B40547 /* SendOffer */,
				10C8AC822B623FE900B40547 /* Portfolio */,
				10C8AC832B62402200B40547 /* Post */,
				10C8AC842B62407800B40547 /* Saved */,
				10C8AC852B6240B600B40547 /* Category */,
				10C8AC862B6240D500B40547 /* MyPage */,
			);
			path = View;
			sourceTree = "<group>";
		};
		107D6E672B7A821D005B6261 /* MyPage */ = {
			isa = PBXGroup;
			children = (
				107D6E682B7A8273005B6261 /* OrganizationModel.swift */,
				107D6E6A2B7A83AB005B6261 /* MyOrganizationViewModel.swift */,
			);
			path = MyPage;
			sourceTree = "<group>";
		};
		10BC6B412B828D3B007D1D9A /* Saved */ = {
			isa = PBXGroup;
			children = (
				10BC6B422B828D7A007D1D9A /* SavedModel.swift */,
				10BC6B442B828EB8007D1D9A /* SavedViewModel.swift */,
				10BC6B462B829EAF007D1D9A /* SavedListModel.swift */,
				10BC6B482B829F7A007D1D9A /* SavedListViewModel.swift */,
			);
			path = Saved;
			sourceTree = "<group>";
		};
		10C8AC5F2B5C33D900B40547 /* SendOffer */ = {
			isa = PBXGroup;
			children = (
				106720012B5835FA00493354 /* SendOfferView.swift */,
				10C8AC602B5C340D00B40547 /* SendOfferPostView.swift */,
				10C8AC642B5EA69B00B40547 /* ChargerInfoView.swift */,
				DF5AB1582B826ABB0061F421 /* CompanyPostView.swift */,
			);
			path = SendOffer;
			sourceTree = "<group>";
		};
		10C8AC802B623F1900B40547 /* Home */ = {
			isa = PBXGroup;
			children = (
				100D38B22B4EF15600498977 /* HomeView.swift */,
				1031EC7B2B68B9F20016655B /* AnnouncementView.swift */,
			);
			path = Home;
			sourceTree = "<group>";
		};
		10C8AC812B623F8200B40547 /* ReceivedOffer */ = {
			isa = PBXGroup;
			children = (
				3B2021762B4C56000010CA02 /* ProposalReceivedListView.swift */,
				3B81BCB72B622F080067E9CB /* MyNoticeListView.swift */,
				3B81BCB92B622F280067E9CB /* MyNoticeDetailView.swift */,
				3B36F0992B6FEB800000ACFB /* PaymentSettingView.swift */,
				3BFC8D142B54AA55000D6006 /* EditPostView.swift */,
				3B36F09B2B6FEBA00000ACFB /* ChargerInfoViewTest.swift */,
				3B36F09D2B6FEBBC0000ACFB /* PaymentView.swift */,
			);
			path = ReceivedOffer;
			sourceTree = "<group>";
		};
		10C8AC822B623FE900B40547 /* Portfolio */ = {
			isa = PBXGroup;
			children = (
				DF91F4032B4864330021291A /* Portfolio.swift */,
				DF692B192B7E970F00BF9B75 /* EditAnnouncementView.swift */,
			);
			path = Portfolio;
			sourceTree = "<group>";
		};
		10C8AC832B62402200B40547 /* Post */ = {
			isa = PBXGroup;
			children = (
				80FA31682B5EB9490076453B /* NewPostView.swift */,
			);
			path = Post;
			sourceTree = "<group>";
		};
		10C8AC842B62407800B40547 /* Saved */ = {
			isa = PBXGroup;
			children = (
				100D38B52B4EF51E00498977 /* SavedView.swift */,
			);
			path = Saved;
			sourceTree = "<group>";
		};
		10C8AC852B6240B600B40547 /* Category */ = {
			isa = PBXGroup;
			children = (
				100D38B72B4EF54100498977 /* CategoryView.swift */,
			);
			path = Category;
			sourceTree = "<group>";
		};
		10C8AC862B6240D500B40547 /* MyPage */ = {
			isa = PBXGroup;
			children = (
				100D38B92B4EF54C00498977 /* MyView.swift */,
				109F9E272B6E692B006B7D63 /* MyTermsView.swift */,
				109F9E292B6E7536006B7D63 /* CouponView.swift */,
				10EBD80C2B6F783F0082CD8E /* HonorInfoEditView.swift */,
				100A1E2F2B71637A00AAC1E8 /* MyProfileView.swift */,
				10EBD8102B6FD6D60082CD8E /* ProfileEditView.swift */,
			);
			path = MyPage;
			sourceTree = "<group>";
		};
		3B36F09F2B6FEBCB0000ACFB /* PortOne */ = {
			isa = PBXGroup;
			children = (
				3B36F0A02B6FEBF60000ACFB /* Utils.swift */,
				3B36F0A22B6FEC0B0000ACFB /* PortOneViewModel.swift */,
				3B36F0A42B6FEC1A0000ACFB /* Model */,
			);
			path = PortOne;
			sourceTree = "<group>";
		};
		3B36F0A42B6FEC1A0000ACFB /* Model */ = {
			isa = PBXGroup;
			children = (
				3B36F0A52B6FEC2F0000ACFB /* Order.swift */,
				3B36F0A72B6FEC3C0000ACFB /* PubData.swift */,
			);
			path = Model;
			sourceTree = "<group>";
		};
		3B81BCB02B622E950067E9CB /* Manager */ = {
			isa = PBXGroup;
			children = (
				3B81BCB12B622EBF0067E9CB /* StoreKitManager.swift */,
				3B81BCB32B622ED00067E9CB /* StoreKitTestView.swift */,
				3B81BCBD2B62312C0067E9CB /* Product.storekit */,
				3B81BCBF2B6231680067E9CB /* ProductList.plist */,
				DF498F262B79B45D00ADE078 /* KeyChainManager.swift */,
			);
			path = Manager;
			sourceTree = "<group>";
		};
		3BFC8D192B54D43C000D6006 /* Helper */ = {
			isa = PBXGroup;
			children = (
				3BFC8D1A2B54D46D000D6006 /* MultiImagePicker.swift */,
				DFCD24812B5A67FC00B00515 /* DocumentPicker.swift */,
				3B81BCB52B622EEA0067E9CB /* Extension.swift */,
				10EBD8122B6FF2350082CD8E /* ImagePicker.swift */,
				8042C38E2B809BA5003DE096 /* AsyncImageView.swift */,
			);
			path = Helper;
			sourceTree = "<group>";
		};
		8042C3882B80784E003DE096 /* Search */ = {
			isa = PBXGroup;
			children = (
				8042C38C2B807957003DE096 /* SearchOrganizationModel.swift */,
				8042C38A2B807946003DE096 /* SearchOrganizationViewModel.swift */,
				8042C3902B80B9A5003DE096 /* SearchAnnouncementModel.swift */,
				8042C3922B80BDFC003DE096 /* SearchAnnouncementViewModel.swift */,
			);
			path = Search;
			sourceTree = "<group>";
		};
		8042C3892B80785B003DE096 /* Search */ = {
			isa = PBXGroup;
			children = (
				DF3AD3E22B621FFA00DBFCCC /* SearchPostView.swift */,
				80FA316C2B5EBA6B0076453B /* SearchOfferView.swift */,
				807BF83E2B51BCD400A659B9 /* SearchView.swift */,
			);
			path = Search;
			sourceTree = "<group>";
		};
		8042C39E2B820A18003DE096 /* Notification */ = {
			isa = PBXGroup;
			children = (
				8042C39F2B820A50003DE096 /* NotificationModel.swift */,
				8042C3A12B820A5B003DE096 /* NotificationViewModel.swift */,
			);
			path = Notification;
			sourceTree = "<group>";
		};
		806AF8682B79D985008F7F62 /* Category */ = {
			isa = PBXGroup;
			children = (
				806AF8692B79DBD0008F7F62 /* CategoryModel.swift */,
				806AF86B2B79EB3F008F7F62 /* CategoryModelData.swift */,
			);
			path = Category;
			sourceTree = "<group>";
		};
		806AF8712B7B84F2008F7F62 /* Announcement */ = {
			isa = PBXGroup;
			children = (
				806AF8722B7B8504008F7F62 /* AnnouncementViewModel.swift */,
				806AF8742B7B8595008F7F62 /* AnnouncementModel.swift */,
			);
			path = Announcement;
			sourceTree = "<group>";
		};
		80B41FFC2B77CC910021DD90 /* Notification */ = {
			isa = PBXGroup;
			children = (
				80B41FFD2B77CCA40021DD90 /* NotificationView.swift */,
			);
			path = Notification;
			sourceTree = "<group>";
		};
		DF3AD3DD2B61513D00DBFCCC /* Onboarding */ = {
			isa = PBXGroup;
			children = (
				DF3AD3DE2B61626300DBFCCC /* OnBoardingView.swift */,
				DF3AD3E02B61696000DBFCCC /* LoginView.swift */,
				DF90A5AA2B64EB5500BC54D0 /* TermsView.swift */,
				DF90A5AC2B664E5A00BC54D0 /* ProcessingPolicyView.swift */,
				DF90A5AF2B664E9600BC54D0 /* GatherAndUsageView.swift */,
				DF90A5B12B664EBF00BC54D0 /* TermsAndConditionsView.swift */,
				DF90A5B32B664EE700BC54D0 /* ThirdPartyView.swift */,
				DF90A5B52B6B7CF900BC54D0 /* RegisterIDView.swift */,
				DF90A5BD2B6E39A600BC54D0 /* RegisterPWView.swift */,
				DF90A5BF2B6E534500BC54D0 /* SelectUserTypeView.swift */,
			);
			path = Onboarding;
			sourceTree = "<group>";
		};
		DF498F282B7CDD8200ADE078 /* Portfolio */ = {
			isa = PBXGroup;
			children = (
				DF498F292B7CDDA200ADE078 /* MyAnnouncementsModel.swift */,
				DF498F2B2B7CDDB200ADE078 /* MyAnnouncementsViewModel.swift */,
				DF692B1B2B7EFC6F00BF9B75 /* ChangeAnnouncementStatusModel.swift */,
				DF5B7E912B7FA430001C009C /* PortfolioOfferViewModel.swift */,
				DF5B7E932B808DF0001C009C /* EditAnnouncementViewModel.swift */,
				DF5B7E952B809257001C009C /* EditAnnouncementModel.swift */,
				DF5AB1532B8228CC0061F421 /* MakeReportViewModel.swift */,
				DF5AB15A2B827BAB0061F421 /* ReportViewModel.swift */,
			);
			path = Portfolio;
			sourceTree = "<group>";
		};
		DF5AB1552B8265740061F421 /* Recovered References */ = {
			isa = PBXGroup;
			children = (
				10584CBF2B81EE84007F7A3F /* GoogleService-Info.plist */,
			);
			name = "Recovered References";
			sourceTree = "<group>";
		};
/* End PBXGroup section */

/* Begin PBXNativeTarget section */
		100D387C2B44826500498977 /* Spon-us */ = {
			isa = PBXNativeTarget;
			buildConfigurationList = 100D388B2B44826900498977 /* Build configuration list for PBXNativeTarget "Spon-us" */;
			buildPhases = (
				100D38792B44826500498977 /* Sources */,
				100D387A2B44826500498977 /* Frameworks */,
				100D387B2B44826500498977 /* Resources */,
			);
			buildRules = (
			);
			dependencies = (
			);
			name = "Spon-us";
			packageProductDependencies = (
				DFCD247B2B54D08100B00515 /* PopupView */,
				3B36F0AA2B6FEC4E0000ACFB /* iamport-ios */,
				100A1E3C2B73596600AAC1E8 /* CombineMoya */,
				100A1E3E2B73596600AAC1E8 /* Moya */,
				100A1E402B73596600AAC1E8 /* ReactiveMoya */,
				100A1E422B73596600AAC1E8 /* RxMoya */,
				100A1E452B7359DC00AAC1E8 /* KeychainSwift */,
				80B420012B77F2030021DD90 /* FirebaseAnalytics */,
				80B420032B77F2030021DD90 /* FirebaseAnalyticsOnDeviceConversion */,
				80B420052B77F2030021DD90 /* FirebaseAnalyticsSwift */,
				80B420072B77F2030021DD90 /* FirebaseAnalyticsWithoutAdIdSupport */,
				80B420092B77F2030021DD90 /* FirebaseAppCheck */,
				80B4200B2B77F24A0021DD90 /* FirebaseAnalytics */,
				80B4200D2B77F24A0021DD90 /* FirebaseAnalyticsOnDeviceConversion */,
				80B4200F2B77F24A0021DD90 /* FirebaseAnalyticsSwift */,
				80B420112B77F24A0021DD90 /* FirebaseAnalyticsWithoutAdIdSupport */,
				80B420132B77F24A0021DD90 /* FirebaseAppCheck */,
				80B420152B77F24A0021DD90 /* FirebaseAppDistribution-Beta */,
				80B420172B77F24A0021DD90 /* FirebaseAuth */,
				80B420192B77F24A0021DD90 /* FirebaseAuthCombine-Community */,
				80B4201B2B77F24A0021DD90 /* FirebaseCrashlytics */,
				80B4201D2B77F24A0021DD90 /* FirebaseDatabase */,
				80B4201F2B77F24A0021DD90 /* FirebaseDatabaseSwift */,
				80B420212B77F24A0021DD90 /* FirebaseDynamicLinks */,
				80B420232B77F24A0021DD90 /* FirebaseFirestore */,
				80B420252B77F24A0021DD90 /* FirebaseFirestoreCombine-Community */,
				80B420272B77F24A0021DD90 /* FirebaseFirestoreSwift */,
				80B420292B77F24A0021DD90 /* FirebaseFunctions */,
				80B4202B2B77F24A0021DD90 /* FirebaseFunctionsCombine-Community */,
				80B4202D2B77F24A0021DD90 /* FirebaseInAppMessaging-Beta */,
				80B4202F2B77F24A0021DD90 /* FirebaseInAppMessagingSwift-Beta */,
				80B420312B77F24A0021DD90 /* FirebaseInstallations */,
				80B420332B77F24A0021DD90 /* FirebaseMLModelDownloader */,
				80B420352B77F24A0021DD90 /* FirebaseMessaging */,
				80B420372B77F24A0021DD90 /* FirebasePerformance */,
				80B420392B77F24A0021DD90 /* FirebaseRemoteConfig */,
				80B4203B2B77F24A0021DD90 /* FirebaseRemoteConfigSwift */,
				80B4203D2B77F24A0021DD90 /* FirebaseStorage */,
				80B4203F2B77F24A0021DD90 /* FirebaseStorageCombine-Community */,
			);
			productName = "Spon-us";
			productReference = 100D387D2B44826500498977 /* Spon-us.app */;
			productType = "com.apple.product-type.application";
		};
/* End PBXNativeTarget section */

/* Begin PBXProject section */
		100D38752B44826500498977 /* Project object */ = {
			isa = PBXProject;
			attributes = {
				BuildIndependentTargetsInParallel = 1;
				LastSwiftUpdateCheck = 1510;
				LastUpgradeCheck = 1510;
				TargetAttributes = {
					100D387C2B44826500498977 = {
						CreatedOnToolsVersion = 15.1;
					};
				};
			};
			buildConfigurationList = 100D38782B44826500498977 /* Build configuration list for PBXProject "Spon-us" */;
			compatibilityVersion = "Xcode 14.0";
			developmentRegion = en;
			hasScannedForEncodings = 0;
			knownRegions = (
				en,
				Base,
			);
			mainGroup = 100D38742B44826500498977;
			packageReferences = (
				3BFC8D162B54B016000D6006 /* XCRemoteSwiftPackageReference "BSImagePicker" */,
				DFCD247A2B54D08100B00515 /* XCRemoteSwiftPackageReference "PopupView" */,
				3B36F0A92B6FEC4E0000ACFB /* XCRemoteSwiftPackageReference "iamport-ios" */,
				100A1E3B2B73596600AAC1E8 /* XCRemoteSwiftPackageReference "Moya" */,
				100A1E442B7359DC00AAC1E8 /* XCRemoteSwiftPackageReference "keychain-swift" */,
				80B420002B77F2030021DD90 /* XCRemoteSwiftPackageReference "firebase-ios-sdk" */,
			);
			productRefGroup = 100D387E2B44826500498977 /* Products */;
			projectDirPath = "";
			projectRoot = "";
			targets = (
				100D387C2B44826500498977 /* Spon-us */,
			);
		};
/* End PBXProject section */

/* Begin PBXResourcesBuildPhase section */
		100D387B2B44826500498977 /* Resources */ = {
			isa = PBXResourcesBuildPhase;
			buildActionMask = 2147483647;
			files = (
				3B81BCC02B6231680067E9CB /* ProductList.plist in Resources */,
				100D389C2B44833500498977 /* SUIT-Medium.otf in Resources */,
				80A25CAA2B828E6800BDDDE4 /* GoogleService-Info.plist in Resources */,
				3B81BCBE2B62312C0067E9CB /* Product.storekit in Resources */,
				100D38A32B44834700498977 /* Preview Assets.xcassets in Resources */,
				100D389E2B44833500498977 /* Pretendard-SemiBold.otf in Resources */,
				100D38AD2B44844F00498977 /* Assets.xcassets in Resources */,
				3BA7C09E2B82BCFD00654B62 /* GoogleService-Info.plist in Resources */,
				100D389B2B44833500498977 /* SUIT-Bold.otf in Resources */,
				100D389D2B44833500498977 /* Pretendard-Medium.otf in Resources */,
			);
			runOnlyForDeploymentPostprocessing = 0;
		};
/* End PBXResourcesBuildPhase section */

/* Begin PBXSourcesBuildPhase section */
		100D38792B44826500498977 /* Sources */ = {
			isa = PBXSourcesBuildPhase;
			buildActionMask = 2147483647;
			files = (
				107D6E6B2B7A83AB005B6261 /* MyOrganizationViewModel.swift in Sources */,
				8042C3A22B820A5B003DE096 /* NotificationViewModel.swift in Sources */,
				100D38BA2B4EF54C00498977 /* MyView.swift in Sources */,
				3B81BCB42B622ED00067E9CB /* StoreKitTestView.swift in Sources */,
				DF90A5B22B664EBF00BC54D0 /* TermsAndConditionsView.swift in Sources */,
				DF5B7E922B7FA430001C009C /* PortfolioOfferViewModel.swift in Sources */,
				10EBD8132B6FF2350082CD8E /* ImagePicker.swift in Sources */,
				DF91F4042B4864330021291A /* Portfolio.swift in Sources */,
				DF3AD3E32B621FFA00DBFCCC /* SearchPostView.swift in Sources */,
				10025B3D2B7BA14900DCCC5A /* ProposalDetailViewModel.swift in Sources */,
				3BFC8D152B54AA55000D6006 /* EditPostView.swift in Sources */,
				10025B3B2B7BA13D00DCCC5A /* ProposalDetailModel.swift in Sources */,
				8042C3912B80B9A5003DE096 /* SearchAnnouncementModel.swift in Sources */,
				100D389A2B44833500498977 /* FontManager.swift in Sources */,
				10025B392B7B804400DCCC5A /* SentViewModel.swift in Sources */,
				100D38B62B4EF51E00498977 /* SavedView.swift in Sources */,
				8042C3A02B820A50003DE096 /* NotificationModel.swift in Sources */,
				80FA31692B5EB9490076453B /* NewPostView.swift in Sources */,
				100D38B82B4EF54100498977 /* CategoryView.swift in Sources */,
				10BC6B472B829EAF007D1D9A /* SavedListModel.swift in Sources */,
				3BD26D062B62342C0035FE80 /* ChargerInfoView.swift in Sources */,
				3BFC8D1B2B54D46D000D6006 /* MultiImagePicker.swift in Sources */,
				3B36F0A62B6FEC2F0000ACFB /* Order.swift in Sources */,
				10EBD8112B6FD6D60082CD8E /* ProfileEditView.swift in Sources */,
				3BA7C09A2B82BA1E00654B62 /* ReceivedOfferMyAnnouncementsViewModel.swift in Sources */,
				10BC6B452B828EB8007D1D9A /* SavedViewModel.swift in Sources */,
				3B81BCB62B622EEA0067E9CB /* Extension.swift in Sources */,
				107D6E692B7A8273005B6261 /* OrganizationModel.swift in Sources */,
				DF498F302B7DF50200ADE078 /* LogoutViewModel.swift in Sources */,
				8042C38D2B807957003DE096 /* SearchOrganizationModel.swift in Sources */,
				100D38B32B4EF15600498977 /* HomeView.swift in Sources */,
				8042C38B2B807946003DE096 /* SearchOrganizationViewModel.swift in Sources */,
				DF3AD3DF2B61626300DBFCCC /* OnBoardingView.swift in Sources */,
				DF5B7E942B808DF1001C009C /* EditAnnouncementViewModel.swift in Sources */,
				DF498F232B791EA800ADE078 /* LoginModel.swift in Sources */,
				DF692B1C2B7EFC6F00BF9B75 /* ChangeAnnouncementStatusModel.swift in Sources */,
				DFB22ED92B767003007903DF /* JoinViewModel.swift in Sources */,
				100A1E302B71637A00AAC1E8 /* MyProfileView.swift in Sources */,
				3BFC8D1F2B5597C9000D6006 /* ProfileView.swift in Sources */,
				DF5AB1542B8228CC0061F421 /* MakeReportViewModel.swift in Sources */,
				10025B372B7B802F00DCCC5A /* ProposalModel.swift in Sources */,
				3B36F09C2B6FEBA00000ACFB /* ChargerInfoViewTest.swift in Sources */,
				DF90A5BE2B6E39A600BC54D0 /* RegisterPWView.swift in Sources */,
				DF90A5B62B6B7CF900BC54D0 /* RegisterIDView.swift in Sources */,
				100D38B12B44852700498977 /* ContentView.swift in Sources */,
				806AF8752B7B8595008F7F62 /* AnnouncementModel.swift in Sources */,
				DF5AB1592B826ABB0061F421 /* CompanyPostView.swift in Sources */,
				8042C38F2B809BA5003DE096 /* AsyncImageView.swift in Sources */,
				DF498F2A2B7CDDA200ADE078 /* MyAnnouncementsModel.swift in Sources */,
				DF90A5B02B664E9600BC54D0 /* GatherAndUsageView.swift in Sources */,
				806AF8732B7B8504008F7F62 /* AnnouncementViewModel.swift in Sources */,
				DF498F2E2B7DF4F600ADE078 /* LogoutModel.swift in Sources */,
				10EBD80D2B6F783F0082CD8E /* HonorInfoEditView.swift in Sources */,
				100A1E3A2B734DDE00AAC1E8 /* EmailViewModel.swift in Sources */,
				1031EC7C2B68B9F20016655B /* AnnouncementView.swift in Sources */,
				106720022B5835FA00493354 /* SendOfferView.swift in Sources */,
				3B81BCB22B622EBF0067E9CB /* StoreKitManager.swift in Sources */,
				DF5AB15B2B827BAB0061F421 /* ReportViewModel.swift in Sources */,
				10BC6B492B829F7A007D1D9A /* SavedListViewModel.swift in Sources */,
				10C8AC612B5C340D00B40547 /* SendOfferPostView.swift in Sources */,
				807BF83F2B51BCD400A659B9 /* SearchView.swift in Sources */,
				806AF86A2B79DBD0008F7F62 /* CategoryModel.swift in Sources */,
				DF692B182B7E3DA700BF9B75 /* RefreshTokenModel.swift in Sources */,
				DF90A5AB2B64EB5500BC54D0 /* TermsView.swift in Sources */,
				DF5B7E962B809257001C009C /* EditAnnouncementModel.swift in Sources */,
				DF498F272B79B45D00ADE078 /* KeyChainManager.swift in Sources */,
				3B36F0A12B6FEBF60000ACFB /* Utils.swift in Sources */,
				109ED8682B80C61A00304695 /* SponusAPI.swift in Sources */,
				100D38A72B44836800498977 /* Spon_usApp.swift in Sources */,
				100A1E382B734DB300AAC1E8 /* EmailModel.swift in Sources */,
				3B36F0A82B6FEC3C0000ACFB /* PubData.swift in Sources */,
				3B36F09A2B6FEB800000ACFB /* PaymentSettingView.swift in Sources */,
				DF498F2C2B7CDDB200ADE078 /* MyAnnouncementsViewModel.swift in Sources */,
				8042C3932B80BDFC003DE096 /* SearchAnnouncementViewModel.swift in Sources */,
				10025B412B7C024200DCCC5A /* OrganizationViewModel.swift in Sources */,
				DFCD24822B5A67FC00B00515 /* DocumentPicker.swift in Sources */,
				DFB22ED72B766FF3007903DF /* JoinModel.swift in Sources */,
				3B36F0A32B6FEC0B0000ACFB /* PortOneViewModel.swift in Sources */,
				3B36F09E2B6FEBBC0000ACFB /* PaymentView.swift in Sources */,
				80FA316D2B5EBA6B0076453B /* SearchOfferView.swift in Sources */,
				DF3AD3E12B61696000DBFCCC /* LoginView.swift in Sources */,
				3B81BCB82B622F080067E9CB /* MyNoticeListView.swift in Sources */,
				3B81BCBA2B622F280067E9CB /* MyNoticeDetailView.swift in Sources */,
				DF498F252B791EB400ADE078 /* LoginViewModel.swift in Sources */,
				DF90A5B42B664EE700BC54D0 /* ThirdPartyView.swift in Sources */,
				109F9E2A2B6E7536006B7D63 /* CouponView.swift in Sources */,
				10BC6B432B828D7A007D1D9A /* SavedModel.swift in Sources */,
				10025B462B7C154800DCCC5A /* ReceivedViewModel.swift in Sources */,
				DF692B1A2B7E970F00BF9B75 /* EditAnnouncementView.swift in Sources */,
				80B41FFE2B77CCA40021DD90 /* NotificationView.swift in Sources */,
				DF90A5C02B6E534500BC54D0 /* SelectUserTypeView.swift in Sources */,
				3B2021772B4C56000010CA02 /* ProposalReceivedListView.swift in Sources */,
				109F9E282B6E692B006B7D63 /* MyTermsView.swift in Sources */,
				DF90A5AD2B664E5A00BC54D0 /* ProcessingPolicyView.swift in Sources */,
				806AF86C2B79EB3F008F7F62 /* CategoryModelData.swift in Sources */,
			);
			runOnlyForDeploymentPostprocessing = 0;
		};
/* End PBXSourcesBuildPhase section */

/* Begin XCBuildConfiguration section */
		100D38892B44826900498977 /* Debug */ = {
			isa = XCBuildConfiguration;
			buildSettings = {
				ALWAYS_SEARCH_USER_PATHS = NO;
				ASSETCATALOG_COMPILER_GENERATE_SWIFT_ASSET_SYMBOL_EXTENSIONS = YES;
				CLANG_ANALYZER_NONNULL = YES;
				CLANG_ANALYZER_NUMBER_OBJECT_CONVERSION = YES_AGGRESSIVE;
				CLANG_CXX_LANGUAGE_STANDARD = "gnu++20";
				CLANG_ENABLE_MODULES = YES;
				CLANG_ENABLE_OBJC_ARC = YES;
				CLANG_ENABLE_OBJC_WEAK = YES;
				CLANG_WARN_BLOCK_CAPTURE_AUTORELEASING = YES;
				CLANG_WARN_BOOL_CONVERSION = YES;
				CLANG_WARN_COMMA = YES;
				CLANG_WARN_CONSTANT_CONVERSION = YES;
				CLANG_WARN_DEPRECATED_OBJC_IMPLEMENTATIONS = YES;
				CLANG_WARN_DIRECT_OBJC_ISA_USAGE = YES_ERROR;
				CLANG_WARN_DOCUMENTATION_COMMENTS = YES;
				CLANG_WARN_EMPTY_BODY = YES;
				CLANG_WARN_ENUM_CONVERSION = YES;
				CLANG_WARN_INFINITE_RECURSION = YES;
				CLANG_WARN_INT_CONVERSION = YES;
				CLANG_WARN_NON_LITERAL_NULL_CONVERSION = YES;
				CLANG_WARN_OBJC_IMPLICIT_RETAIN_SELF = YES;
				CLANG_WARN_OBJC_LITERAL_CONVERSION = YES;
				CLANG_WARN_OBJC_ROOT_CLASS = YES_ERROR;
				CLANG_WARN_QUOTED_INCLUDE_IN_FRAMEWORK_HEADER = YES;
				CLANG_WARN_RANGE_LOOP_ANALYSIS = YES;
				CLANG_WARN_STRICT_PROTOTYPES = YES;
				CLANG_WARN_SUSPICIOUS_MOVE = YES;
				CLANG_WARN_UNGUARDED_AVAILABILITY = YES_AGGRESSIVE;
				CLANG_WARN_UNREACHABLE_CODE = YES;
				CLANG_WARN__DUPLICATE_METHOD_MATCH = YES;
				COPY_PHASE_STRIP = NO;
				DEBUG_INFORMATION_FORMAT = dwarf;
				ENABLE_STRICT_OBJC_MSGSEND = YES;
				ENABLE_TESTABILITY = YES;
				ENABLE_USER_SCRIPT_SANDBOXING = YES;
				GCC_C_LANGUAGE_STANDARD = gnu17;
				GCC_DYNAMIC_NO_PIC = NO;
				GCC_NO_COMMON_BLOCKS = YES;
				GCC_OPTIMIZATION_LEVEL = 0;
				GCC_PREPROCESSOR_DEFINITIONS = (
					"DEBUG=1",
					"$(inherited)",
				);
				GCC_WARN_64_TO_32_BIT_CONVERSION = YES;
				GCC_WARN_ABOUT_RETURN_TYPE = YES_ERROR;
				GCC_WARN_UNDECLARED_SELECTOR = YES;
				GCC_WARN_UNINITIALIZED_AUTOS = YES_AGGRESSIVE;
				GCC_WARN_UNUSED_FUNCTION = YES;
				GCC_WARN_UNUSED_VARIABLE = YES;
				IPHONEOS_DEPLOYMENT_TARGET = 17.2;
				LOCALIZATION_PREFERS_STRING_CATALOGS = YES;
				MTL_ENABLE_DEBUG_INFO = INCLUDE_SOURCE;
				MTL_FAST_MATH = YES;
				ONLY_ACTIVE_ARCH = YES;
				SDKROOT = iphoneos;
				SWIFT_ACTIVE_COMPILATION_CONDITIONS = "DEBUG $(inherited)";
				SWIFT_OPTIMIZATION_LEVEL = "-Onone";
			};
			name = Debug;
		};
		100D388A2B44826900498977 /* Release */ = {
			isa = XCBuildConfiguration;
			buildSettings = {
				ALWAYS_SEARCH_USER_PATHS = NO;
				ASSETCATALOG_COMPILER_GENERATE_SWIFT_ASSET_SYMBOL_EXTENSIONS = YES;
				CLANG_ANALYZER_NONNULL = YES;
				CLANG_ANALYZER_NUMBER_OBJECT_CONVERSION = YES_AGGRESSIVE;
				CLANG_CXX_LANGUAGE_STANDARD = "gnu++20";
				CLANG_ENABLE_MODULES = YES;
				CLANG_ENABLE_OBJC_ARC = YES;
				CLANG_ENABLE_OBJC_WEAK = YES;
				CLANG_WARN_BLOCK_CAPTURE_AUTORELEASING = YES;
				CLANG_WARN_BOOL_CONVERSION = YES;
				CLANG_WARN_COMMA = YES;
				CLANG_WARN_CONSTANT_CONVERSION = YES;
				CLANG_WARN_DEPRECATED_OBJC_IMPLEMENTATIONS = YES;
				CLANG_WARN_DIRECT_OBJC_ISA_USAGE = YES_ERROR;
				CLANG_WARN_DOCUMENTATION_COMMENTS = YES;
				CLANG_WARN_EMPTY_BODY = YES;
				CLANG_WARN_ENUM_CONVERSION = YES;
				CLANG_WARN_INFINITE_RECURSION = YES;
				CLANG_WARN_INT_CONVERSION = YES;
				CLANG_WARN_NON_LITERAL_NULL_CONVERSION = YES;
				CLANG_WARN_OBJC_IMPLICIT_RETAIN_SELF = YES;
				CLANG_WARN_OBJC_LITERAL_CONVERSION = YES;
				CLANG_WARN_OBJC_ROOT_CLASS = YES_ERROR;
				CLANG_WARN_QUOTED_INCLUDE_IN_FRAMEWORK_HEADER = YES;
				CLANG_WARN_RANGE_LOOP_ANALYSIS = YES;
				CLANG_WARN_STRICT_PROTOTYPES = YES;
				CLANG_WARN_SUSPICIOUS_MOVE = YES;
				CLANG_WARN_UNGUARDED_AVAILABILITY = YES_AGGRESSIVE;
				CLANG_WARN_UNREACHABLE_CODE = YES;
				CLANG_WARN__DUPLICATE_METHOD_MATCH = YES;
				COPY_PHASE_STRIP = NO;
				DEBUG_INFORMATION_FORMAT = "dwarf-with-dsym";
				ENABLE_NS_ASSERTIONS = NO;
				ENABLE_STRICT_OBJC_MSGSEND = YES;
				ENABLE_USER_SCRIPT_SANDBOXING = YES;
				GCC_C_LANGUAGE_STANDARD = gnu17;
				GCC_NO_COMMON_BLOCKS = YES;
				GCC_WARN_64_TO_32_BIT_CONVERSION = YES;
				GCC_WARN_ABOUT_RETURN_TYPE = YES_ERROR;
				GCC_WARN_UNDECLARED_SELECTOR = YES;
				GCC_WARN_UNINITIALIZED_AUTOS = YES_AGGRESSIVE;
				GCC_WARN_UNUSED_FUNCTION = YES;
				GCC_WARN_UNUSED_VARIABLE = YES;
				IPHONEOS_DEPLOYMENT_TARGET = 17.2;
				LOCALIZATION_PREFERS_STRING_CATALOGS = YES;
				MTL_ENABLE_DEBUG_INFO = NO;
				MTL_FAST_MATH = YES;
				SDKROOT = iphoneos;
				SWIFT_COMPILATION_MODE = wholemodule;
				VALIDATE_PRODUCT = YES;
			};
			name = Release;
		};
		100D388C2B44826900498977 /* Debug */ = {
			isa = XCBuildConfiguration;
			buildSettings = {
				ASSETCATALOG_COMPILER_APPICON_NAME = AppIcon;
				ASSETCATALOG_COMPILER_GLOBAL_ACCENT_COLOR_NAME = AccentColor;
				CODE_SIGN_ENTITLEMENTS = "Spon-us/Spon-us.entitlements";
				CODE_SIGN_IDENTITY = "Apple Development";
				CODE_SIGN_STYLE = Automatic;
				CURRENT_PROJECT_VERSION = 1;
				DEVELOPMENT_ASSET_PATHS = "\"Spon-us/Preview Content\"";
				DEVELOPMENT_TEAM = QRPAUP59QL;
				ENABLE_PREVIEWS = YES;
				GENERATE_INFOPLIST_FILE = YES;
				INFOPLIST_FILE = "Spon-us/Info.plist";
				INFOPLIST_KEY_UIApplicationSceneManifest_Generation = YES;
				INFOPLIST_KEY_UIApplicationSupportsIndirectInputEvents = YES;
				INFOPLIST_KEY_UILaunchScreen_Generation = YES;
				INFOPLIST_KEY_UISupportedInterfaceOrientations_iPad = "UIInterfaceOrientationPortrait UIInterfaceOrientationPortraitUpsideDown UIInterfaceOrientationLandscapeLeft UIInterfaceOrientationLandscapeRight";
				INFOPLIST_KEY_UISupportedInterfaceOrientations_iPhone = "UIInterfaceOrientationPortrait UIInterfaceOrientationLandscapeLeft UIInterfaceOrientationLandscapeRight";
				INFOPLIST_KEY_UIUserInterfaceStyle = Light;
				IPHONEOS_DEPLOYMENT_TARGET = 17.2;
				LD_RUNPATH_SEARCH_PATHS = (
					"$(inherited)",
					"@executable_path/Frameworks",
				);
				MARKETING_VERSION = 1.0;
				PRODUCT_BUNDLE_IDENTIFIER = "com.sponus.Spon-us";
				PRODUCT_NAME = "$(TARGET_NAME)";
				PROVISIONING_PROFILE_SPECIFIER = "";
				SWIFT_EMIT_LOC_STRINGS = YES;
				SWIFT_VERSION = 5.0;
				TARGETED_DEVICE_FAMILY = "1,2";
			};
			name = Debug;
		};
		100D388D2B44826900498977 /* Release */ = {
			isa = XCBuildConfiguration;
			buildSettings = {
				ASSETCATALOG_COMPILER_APPICON_NAME = AppIcon;
				ASSETCATALOG_COMPILER_GLOBAL_ACCENT_COLOR_NAME = AccentColor;
				CODE_SIGN_ENTITLEMENTS = "Spon-us/Spon-us.entitlements";
				CODE_SIGN_IDENTITY = "Apple Development";
				CODE_SIGN_STYLE = Automatic;
				CURRENT_PROJECT_VERSION = 1;
				DEVELOPMENT_ASSET_PATHS = "\"Spon-us/Preview Content\"";
				DEVELOPMENT_TEAM = QRPAUP59QL;
				ENABLE_PREVIEWS = YES;
				GENERATE_INFOPLIST_FILE = YES;
				INFOPLIST_FILE = "Spon-us/Info.plist";
				INFOPLIST_KEY_UIApplicationSceneManifest_Generation = YES;
				INFOPLIST_KEY_UIApplicationSupportsIndirectInputEvents = YES;
				INFOPLIST_KEY_UILaunchScreen_Generation = YES;
				INFOPLIST_KEY_UISupportedInterfaceOrientations_iPad = "UIInterfaceOrientationPortrait UIInterfaceOrientationPortraitUpsideDown UIInterfaceOrientationLandscapeLeft UIInterfaceOrientationLandscapeRight";
				INFOPLIST_KEY_UISupportedInterfaceOrientations_iPhone = "UIInterfaceOrientationPortrait UIInterfaceOrientationLandscapeLeft UIInterfaceOrientationLandscapeRight";
				INFOPLIST_KEY_UIUserInterfaceStyle = Light;
				IPHONEOS_DEPLOYMENT_TARGET = 17.2;
				LD_RUNPATH_SEARCH_PATHS = (
					"$(inherited)",
					"@executable_path/Frameworks",
				);
				MARKETING_VERSION = 1.0;
				PRODUCT_BUNDLE_IDENTIFIER = "com.sponus.Spon-us";
				PRODUCT_NAME = "$(TARGET_NAME)";
				PROVISIONING_PROFILE_SPECIFIER = "";
				SWIFT_EMIT_LOC_STRINGS = YES;
				SWIFT_VERSION = 5.0;
				TARGETED_DEVICE_FAMILY = "1,2";
			};
			name = Release;
		};
/* End XCBuildConfiguration section */

/* Begin XCConfigurationList section */
		100D38782B44826500498977 /* Build configuration list for PBXProject "Spon-us" */ = {
			isa = XCConfigurationList;
			buildConfigurations = (
				100D38892B44826900498977 /* Debug */,
				100D388A2B44826900498977 /* Release */,
			);
			defaultConfigurationIsVisible = 0;
			defaultConfigurationName = Release;
		};
		100D388B2B44826900498977 /* Build configuration list for PBXNativeTarget "Spon-us" */ = {
			isa = XCConfigurationList;
			buildConfigurations = (
				100D388C2B44826900498977 /* Debug */,
				100D388D2B44826900498977 /* Release */,
			);
			defaultConfigurationIsVisible = 0;
			defaultConfigurationName = Release;
		};
/* End XCConfigurationList section */

/* Begin XCRemoteSwiftPackageReference section */
		100A1E3B2B73596600AAC1E8 /* XCRemoteSwiftPackageReference "Moya" */ = {
			isa = XCRemoteSwiftPackageReference;
			repositoryURL = "https://github.com/Moya/Moya.git";
			requirement = {
				kind = upToNextMajorVersion;
				minimumVersion = 15.0.3;
			};
		};
		100A1E442B7359DC00AAC1E8 /* XCRemoteSwiftPackageReference "keychain-swift" */ = {
			isa = XCRemoteSwiftPackageReference;
			repositoryURL = "https://github.com/evgenyneu/keychain-swift.git";
			requirement = {
				kind = upToNextMajorVersion;
				minimumVersion = 21.0.0;
			};
		};
		3B36F0A92B6FEC4E0000ACFB /* XCRemoteSwiftPackageReference "iamport-ios" */ = {
			isa = XCRemoteSwiftPackageReference;
			repositoryURL = "https://github.com/iamport/iamport-ios";
			requirement = {
				kind = upToNextMajorVersion;
				minimumVersion = 1.4.1;
			};
		};
		3BFC8D162B54B016000D6006 /* XCRemoteSwiftPackageReference "BSImagePicker" */ = {
			isa = XCRemoteSwiftPackageReference;
			repositoryURL = "https://github.com/mikaoj/BSImagePicker.git";
			requirement = {
				kind = upToNextMajorVersion;
				minimumVersion = 3.3.1;
			};
		};
		80B420002B77F2030021DD90 /* XCRemoteSwiftPackageReference "firebase-ios-sdk" */ = {
			isa = XCRemoteSwiftPackageReference;
			repositoryURL = "https://github.com/firebase/firebase-ios-sdk.git";
			requirement = {
				kind = upToNextMajorVersion;
				minimumVersion = 10.21.0;
			};
		};
		DFCD247A2B54D08100B00515 /* XCRemoteSwiftPackageReference "PopupView" */ = {
			isa = XCRemoteSwiftPackageReference;
			repositoryURL = "https://github.com/exyte/PopupView.git";
			requirement = {
				kind = upToNextMajorVersion;
				minimumVersion = 2.8.3;
			};
		};
/* End XCRemoteSwiftPackageReference section */

/* Begin XCSwiftPackageProductDependency section */
		100A1E3C2B73596600AAC1E8 /* CombineMoya */ = {
			isa = XCSwiftPackageProductDependency;
			package = 100A1E3B2B73596600AAC1E8 /* XCRemoteSwiftPackageReference "Moya" */;
			productName = CombineMoya;
		};
		100A1E3E2B73596600AAC1E8 /* Moya */ = {
			isa = XCSwiftPackageProductDependency;
			package = 100A1E3B2B73596600AAC1E8 /* XCRemoteSwiftPackageReference "Moya" */;
			productName = Moya;
		};
		100A1E402B73596600AAC1E8 /* ReactiveMoya */ = {
			isa = XCSwiftPackageProductDependency;
			package = 100A1E3B2B73596600AAC1E8 /* XCRemoteSwiftPackageReference "Moya" */;
			productName = ReactiveMoya;
		};
		100A1E422B73596600AAC1E8 /* RxMoya */ = {
			isa = XCSwiftPackageProductDependency;
			package = 100A1E3B2B73596600AAC1E8 /* XCRemoteSwiftPackageReference "Moya" */;
			productName = RxMoya;
		};
		100A1E452B7359DC00AAC1E8 /* KeychainSwift */ = {
			isa = XCSwiftPackageProductDependency;
			package = 100A1E442B7359DC00AAC1E8 /* XCRemoteSwiftPackageReference "keychain-swift" */;
			productName = KeychainSwift;
		};
		3B36F0AA2B6FEC4E0000ACFB /* iamport-ios */ = {
			isa = XCSwiftPackageProductDependency;
			package = 3B36F0A92B6FEC4E0000ACFB /* XCRemoteSwiftPackageReference "iamport-ios" */;
			productName = "iamport-ios";
		};
		80B420012B77F2030021DD90 /* FirebaseAnalytics */ = {
			isa = XCSwiftPackageProductDependency;
			package = 80B420002B77F2030021DD90 /* XCRemoteSwiftPackageReference "firebase-ios-sdk" */;
			productName = FirebaseAnalytics;
		};
		80B420032B77F2030021DD90 /* FirebaseAnalyticsOnDeviceConversion */ = {
			isa = XCSwiftPackageProductDependency;
			package = 80B420002B77F2030021DD90 /* XCRemoteSwiftPackageReference "firebase-ios-sdk" */;
			productName = FirebaseAnalyticsOnDeviceConversion;
		};
		80B420052B77F2030021DD90 /* FirebaseAnalyticsSwift */ = {
			isa = XCSwiftPackageProductDependency;
			package = 80B420002B77F2030021DD90 /* XCRemoteSwiftPackageReference "firebase-ios-sdk" */;
			productName = FirebaseAnalyticsSwift;
		};
		80B420072B77F2030021DD90 /* FirebaseAnalyticsWithoutAdIdSupport */ = {
			isa = XCSwiftPackageProductDependency;
			package = 80B420002B77F2030021DD90 /* XCRemoteSwiftPackageReference "firebase-ios-sdk" */;
			productName = FirebaseAnalyticsWithoutAdIdSupport;
		};
		80B420092B77F2030021DD90 /* FirebaseAppCheck */ = {
			isa = XCSwiftPackageProductDependency;
			package = 80B420002B77F2030021DD90 /* XCRemoteSwiftPackageReference "firebase-ios-sdk" */;
			productName = FirebaseAppCheck;
		};
		80B4200B2B77F24A0021DD90 /* FirebaseAnalytics */ = {
			isa = XCSwiftPackageProductDependency;
			package = 80B420002B77F2030021DD90 /* XCRemoteSwiftPackageReference "firebase-ios-sdk" */;
			productName = FirebaseAnalytics;
		};
		80B4200D2B77F24A0021DD90 /* FirebaseAnalyticsOnDeviceConversion */ = {
			isa = XCSwiftPackageProductDependency;
			package = 80B420002B77F2030021DD90 /* XCRemoteSwiftPackageReference "firebase-ios-sdk" */;
			productName = FirebaseAnalyticsOnDeviceConversion;
		};
		80B4200F2B77F24A0021DD90 /* FirebaseAnalyticsSwift */ = {
			isa = XCSwiftPackageProductDependency;
			package = 80B420002B77F2030021DD90 /* XCRemoteSwiftPackageReference "firebase-ios-sdk" */;
			productName = FirebaseAnalyticsSwift;
		};
		80B420112B77F24A0021DD90 /* FirebaseAnalyticsWithoutAdIdSupport */ = {
			isa = XCSwiftPackageProductDependency;
			package = 80B420002B77F2030021DD90 /* XCRemoteSwiftPackageReference "firebase-ios-sdk" */;
			productName = FirebaseAnalyticsWithoutAdIdSupport;
		};
		80B420132B77F24A0021DD90 /* FirebaseAppCheck */ = {
			isa = XCSwiftPackageProductDependency;
			package = 80B420002B77F2030021DD90 /* XCRemoteSwiftPackageReference "firebase-ios-sdk" */;
			productName = FirebaseAppCheck;
		};
		80B420152B77F24A0021DD90 /* FirebaseAppDistribution-Beta */ = {
			isa = XCSwiftPackageProductDependency;
			package = 80B420002B77F2030021DD90 /* XCRemoteSwiftPackageReference "firebase-ios-sdk" */;
			productName = "FirebaseAppDistribution-Beta";
		};
		80B420172B77F24A0021DD90 /* FirebaseAuth */ = {
			isa = XCSwiftPackageProductDependency;
			package = 80B420002B77F2030021DD90 /* XCRemoteSwiftPackageReference "firebase-ios-sdk" */;
			productName = FirebaseAuth;
		};
		80B420192B77F24A0021DD90 /* FirebaseAuthCombine-Community */ = {
			isa = XCSwiftPackageProductDependency;
			package = 80B420002B77F2030021DD90 /* XCRemoteSwiftPackageReference "firebase-ios-sdk" */;
			productName = "FirebaseAuthCombine-Community";
		};
		80B4201B2B77F24A0021DD90 /* FirebaseCrashlytics */ = {
			isa = XCSwiftPackageProductDependency;
			package = 80B420002B77F2030021DD90 /* XCRemoteSwiftPackageReference "firebase-ios-sdk" */;
			productName = FirebaseCrashlytics;
		};
		80B4201D2B77F24A0021DD90 /* FirebaseDatabase */ = {
			isa = XCSwiftPackageProductDependency;
			package = 80B420002B77F2030021DD90 /* XCRemoteSwiftPackageReference "firebase-ios-sdk" */;
			productName = FirebaseDatabase;
		};
		80B4201F2B77F24A0021DD90 /* FirebaseDatabaseSwift */ = {
			isa = XCSwiftPackageProductDependency;
			package = 80B420002B77F2030021DD90 /* XCRemoteSwiftPackageReference "firebase-ios-sdk" */;
			productName = FirebaseDatabaseSwift;
		};
		80B420212B77F24A0021DD90 /* FirebaseDynamicLinks */ = {
			isa = XCSwiftPackageProductDependency;
			package = 80B420002B77F2030021DD90 /* XCRemoteSwiftPackageReference "firebase-ios-sdk" */;
			productName = FirebaseDynamicLinks;
		};
		80B420232B77F24A0021DD90 /* FirebaseFirestore */ = {
			isa = XCSwiftPackageProductDependency;
			package = 80B420002B77F2030021DD90 /* XCRemoteSwiftPackageReference "firebase-ios-sdk" */;
			productName = FirebaseFirestore;
		};
		80B420252B77F24A0021DD90 /* FirebaseFirestoreCombine-Community */ = {
			isa = XCSwiftPackageProductDependency;
			package = 80B420002B77F2030021DD90 /* XCRemoteSwiftPackageReference "firebase-ios-sdk" */;
			productName = "FirebaseFirestoreCombine-Community";
		};
		80B420272B77F24A0021DD90 /* FirebaseFirestoreSwift */ = {
			isa = XCSwiftPackageProductDependency;
			package = 80B420002B77F2030021DD90 /* XCRemoteSwiftPackageReference "firebase-ios-sdk" */;
			productName = FirebaseFirestoreSwift;
		};
		80B420292B77F24A0021DD90 /* FirebaseFunctions */ = {
			isa = XCSwiftPackageProductDependency;
			package = 80B420002B77F2030021DD90 /* XCRemoteSwiftPackageReference "firebase-ios-sdk" */;
			productName = FirebaseFunctions;
		};
		80B4202B2B77F24A0021DD90 /* FirebaseFunctionsCombine-Community */ = {
			isa = XCSwiftPackageProductDependency;
			package = 80B420002B77F2030021DD90 /* XCRemoteSwiftPackageReference "firebase-ios-sdk" */;
			productName = "FirebaseFunctionsCombine-Community";
		};
		80B4202D2B77F24A0021DD90 /* FirebaseInAppMessaging-Beta */ = {
			isa = XCSwiftPackageProductDependency;
			package = 80B420002B77F2030021DD90 /* XCRemoteSwiftPackageReference "firebase-ios-sdk" */;
			productName = "FirebaseInAppMessaging-Beta";
		};
		80B4202F2B77F24A0021DD90 /* FirebaseInAppMessagingSwift-Beta */ = {
			isa = XCSwiftPackageProductDependency;
			package = 80B420002B77F2030021DD90 /* XCRemoteSwiftPackageReference "firebase-ios-sdk" */;
			productName = "FirebaseInAppMessagingSwift-Beta";
		};
		80B420312B77F24A0021DD90 /* FirebaseInstallations */ = {
			isa = XCSwiftPackageProductDependency;
			package = 80B420002B77F2030021DD90 /* XCRemoteSwiftPackageReference "firebase-ios-sdk" */;
			productName = FirebaseInstallations;
		};
		80B420332B77F24A0021DD90 /* FirebaseMLModelDownloader */ = {
			isa = XCSwiftPackageProductDependency;
			package = 80B420002B77F2030021DD90 /* XCRemoteSwiftPackageReference "firebase-ios-sdk" */;
			productName = FirebaseMLModelDownloader;
		};
		80B420352B77F24A0021DD90 /* FirebaseMessaging */ = {
			isa = XCSwiftPackageProductDependency;
			package = 80B420002B77F2030021DD90 /* XCRemoteSwiftPackageReference "firebase-ios-sdk" */;
			productName = FirebaseMessaging;
		};
		80B420372B77F24A0021DD90 /* FirebasePerformance */ = {
			isa = XCSwiftPackageProductDependency;
			package = 80B420002B77F2030021DD90 /* XCRemoteSwiftPackageReference "firebase-ios-sdk" */;
			productName = FirebasePerformance;
		};
		80B420392B77F24A0021DD90 /* FirebaseRemoteConfig */ = {
			isa = XCSwiftPackageProductDependency;
			package = 80B420002B77F2030021DD90 /* XCRemoteSwiftPackageReference "firebase-ios-sdk" */;
			productName = FirebaseRemoteConfig;
		};
		80B4203B2B77F24A0021DD90 /* FirebaseRemoteConfigSwift */ = {
			isa = XCSwiftPackageProductDependency;
			package = 80B420002B77F2030021DD90 /* XCRemoteSwiftPackageReference "firebase-ios-sdk" */;
			productName = FirebaseRemoteConfigSwift;
		};
		80B4203D2B77F24A0021DD90 /* FirebaseStorage */ = {
			isa = XCSwiftPackageProductDependency;
			package = 80B420002B77F2030021DD90 /* XCRemoteSwiftPackageReference "firebase-ios-sdk" */;
			productName = FirebaseStorage;
		};
		80B4203F2B77F24A0021DD90 /* FirebaseStorageCombine-Community */ = {
			isa = XCSwiftPackageProductDependency;
			package = 80B420002B77F2030021DD90 /* XCRemoteSwiftPackageReference "firebase-ios-sdk" */;
			productName = "FirebaseStorageCombine-Community";
		};
		DFCD247B2B54D08100B00515 /* PopupView */ = {
			isa = XCSwiftPackageProductDependency;
			package = DFCD247A2B54D08100B00515 /* XCRemoteSwiftPackageReference "PopupView" */;
			productName = PopupView;
		};
/* End XCSwiftPackageProductDependency section */
	};
	rootObject = 100D38752B44826500498977 /* Project object */;
}
