// !$*UTF8*$!
{
	archiveVersion = 1;
	classes = {
	};
	objectVersion = 56;
	objects = {

/* Begin PBXBuildFile section */
		100D389A2B44833500498977 /* FontManager.swift in Sources */ = {isa = PBXBuildFile; fileRef = 100D38952B44833500498977 /* FontManager.swift */; };
		100D389B2B44833500498977 /* SUIT-Bold.otf in Resources */ = {isa = PBXBuildFile; fileRef = 100D38962B44833500498977 /* SUIT-Bold.otf */; };
		100D389C2B44833500498977 /* SUIT-Medium.otf in Resources */ = {isa = PBXBuildFile; fileRef = 100D38972B44833500498977 /* SUIT-Medium.otf */; };
		100D389D2B44833500498977 /* Pretendard-Medium.otf in Resources */ = {isa = PBXBuildFile; fileRef = 100D38982B44833500498977 /* Pretendard-Medium.otf */; };
		100D389E2B44833500498977 /* Pretendard-SemiBold.otf in Resources */ = {isa = PBXBuildFile; fileRef = 100D38992B44833500498977 /* Pretendard-SemiBold.otf */; };
		100D38A32B44834700498977 /* Preview Assets.xcassets in Resources */ = {isa = PBXBuildFile; fileRef = 100D38A22B44834700498977 /* Preview Assets.xcassets */; };
		100D38A72B44836800498977 /* Spon_usApp.swift in Sources */ = {isa = PBXBuildFile; fileRef = 100D38A62B44836800498977 /* Spon_usApp.swift */; };
		100D38AD2B44844F00498977 /* Assets.xcassets in Resources */ = {isa = PBXBuildFile; fileRef = 100D38AC2B44844F00498977 /* Assets.xcassets */; };
		100D38B12B44852700498977 /* ContentView.swift in Sources */ = {isa = PBXBuildFile; fileRef = 100D38B02B44852700498977 /* ContentView.swift */; };
		100D38B32B4EF15600498977 /* HomeView.swift in Sources */ = {isa = PBXBuildFile; fileRef = 100D38B22B4EF15600498977 /* HomeView.swift */; };
		100D38B62B4EF51E00498977 /* SavedView.swift in Sources */ = {isa = PBXBuildFile; fileRef = 100D38B52B4EF51E00498977 /* SavedView.swift */; };
		100D38B82B4EF54100498977 /* CategoryView.swift in Sources */ = {isa = PBXBuildFile; fileRef = 100D38B72B4EF54100498977 /* CategoryView.swift */; };
		100D38BA2B4EF54C00498977 /* MyView.swift in Sources */ = {isa = PBXBuildFile; fileRef = 100D38B92B4EF54C00498977 /* MyView.swift */; };
		3B2021772B4C56000010CA02 /* ProposalReceivedListView.swift in Sources */ = {isa = PBXBuildFile; fileRef = 3B2021762B4C56000010CA02 /* ProposalReceivedListView.swift */; };
		3B6AD5B52B576F8B00495CF4 /* StoreKit2TestView.swift in Sources */ = {isa = PBXBuildFile; fileRef = 3B6AD5B42B576F8B00495CF4 /* StoreKit2TestView.swift */; };
		3B6AD5C12B57748700495CF4 /* StoreKitManager.swift in Sources */ = {isa = PBXBuildFile; fileRef = 3B6AD5C02B57748700495CF4 /* StoreKitManager.swift */; };
		3B88FC6C2B579705009A1083 /* Product.storekit in Resources */ = {isa = PBXBuildFile; fileRef = 3B88FC6B2B579705009A1083 /* Product.storekit */; };
		3B88FC7C2B5E0A88009A1083 /* Extension.swift in Sources */ = {isa = PBXBuildFile; fileRef = 3B88FC7B2B5E0A88009A1083 /* Extension.swift */; };
		3BC20CB92B5783380041A7B8 /* Property List.plist in Resources */ = {isa = PBXBuildFile; fileRef = 3BC20CB82B5783380041A7B8 /* Property List.plist */; };
		3BFC8D152B54AA55000D6006 /* EditPostView.swift in Sources */ = {isa = PBXBuildFile; fileRef = 3BFC8D142B54AA55000D6006 /* EditPostView.swift */; };
		3BFC8D1B2B54D46D000D6006 /* MultiImagePicker.swift in Sources */ = {isa = PBXBuildFile; fileRef = 3BFC8D1A2B54D46D000D6006 /* MultiImagePicker.swift */; };
		3BFC8D1F2B5597C9000D6006 /* ProfileView.swift in Sources */ = {isa = PBXBuildFile; fileRef = 3BFC8D1E2B5597C9000D6006 /* ProfileView.swift */; };
		807BF83F2B51BCD400A659B9 /* SearchView.swift in Sources */ = {isa = PBXBuildFile; fileRef = 807BF83E2B51BCD400A659B9 /* SearchView.swift */; };
		DF91F4042B4864330021291A /* Portfolio.swift in Sources */ = {isa = PBXBuildFile; fileRef = DF91F4032B4864330021291A /* Portfolio.swift */; };
		DFCD247C2B54D08100B00515 /* PopupView in Frameworks */ = {isa = PBXBuildFile; productRef = DFCD247B2B54D08100B00515 /* PopupView */; };
/* End PBXBuildFile section */

/* Begin PBXFileReference section */
		100D387D2B44826500498977 /* Spon-us.app */ = {isa = PBXFileReference; explicitFileType = wrapper.application; includeInIndex = 0; path = "Spon-us.app"; sourceTree = BUILT_PRODUCTS_DIR; };
		100D38952B44833500498977 /* FontManager.swift */ = {isa = PBXFileReference; fileEncoding = 4; lastKnownFileType = sourcecode.swift; path = FontManager.swift; sourceTree = "<group>"; };
		100D38962B44833500498977 /* SUIT-Bold.otf */ = {isa = PBXFileReference; lastKnownFileType = file; path = "SUIT-Bold.otf"; sourceTree = "<group>"; };
		100D38972B44833500498977 /* SUIT-Medium.otf */ = {isa = PBXFileReference; lastKnownFileType = file; path = "SUIT-Medium.otf"; sourceTree = "<group>"; };
		100D38982B44833500498977 /* Pretendard-Medium.otf */ = {isa = PBXFileReference; lastKnownFileType = file; path = "Pretendard-Medium.otf"; sourceTree = "<group>"; };
		100D38992B44833500498977 /* Pretendard-SemiBold.otf */ = {isa = PBXFileReference; lastKnownFileType = file; path = "Pretendard-SemiBold.otf"; sourceTree = "<group>"; };
		100D389F2B44833F00498977 /* Info.plist */ = {isa = PBXFileReference; fileEncoding = 4; lastKnownFileType = text.plist.xml; path = Info.plist; sourceTree = "<group>"; };
		100D38A22B44834700498977 /* Preview Assets.xcassets */ = {isa = PBXFileReference; lastKnownFileType = folder.assetcatalog; path = "Preview Assets.xcassets"; sourceTree = "<group>"; };
		100D38A62B44836800498977 /* Spon_usApp.swift */ = {isa = PBXFileReference; fileEncoding = 4; lastKnownFileType = sourcecode.swift; path = Spon_usApp.swift; sourceTree = "<group>"; };
		100D38AC2B44844F00498977 /* Assets.xcassets */ = {isa = PBXFileReference; lastKnownFileType = folder.assetcatalog; path = Assets.xcassets; sourceTree = "<group>"; };
		100D38B02B44852700498977 /* ContentView.swift */ = {isa = PBXFileReference; fileEncoding = 4; lastKnownFileType = sourcecode.swift; name = ContentView.swift; path = "Spon-us/ContentView.swift"; sourceTree = SOURCE_ROOT; };
		100D38B22B4EF15600498977 /* HomeView.swift */ = {isa = PBXFileReference; lastKnownFileType = sourcecode.swift; path = HomeView.swift; sourceTree = "<group>"; };
		100D38B52B4EF51E00498977 /* SavedView.swift */ = {isa = PBXFileReference; lastKnownFileType = sourcecode.swift; path = SavedView.swift; sourceTree = "<group>"; };
		100D38B72B4EF54100498977 /* CategoryView.swift */ = {isa = PBXFileReference; lastKnownFileType = sourcecode.swift; path = CategoryView.swift; sourceTree = "<group>"; };
		100D38B92B4EF54C00498977 /* MyView.swift */ = {isa = PBXFileReference; lastKnownFileType = sourcecode.swift; path = MyView.swift; sourceTree = "<group>"; };
		3B2021762B4C56000010CA02 /* ProposalReceivedListView.swift */ = {isa = PBXFileReference; lastKnownFileType = sourcecode.swift; path = ProposalReceivedListView.swift; sourceTree = "<group>"; };
		3B6AD5B42B576F8B00495CF4 /* StoreKit2TestView.swift */ = {isa = PBXFileReference; lastKnownFileType = sourcecode.swift; path = StoreKit2TestView.swift; sourceTree = "<group>"; };
		3B6AD5C02B57748700495CF4 /* StoreKitManager.swift */ = {isa = PBXFileReference; fileEncoding = 4; lastKnownFileType = sourcecode.swift; path = StoreKitManager.swift; sourceTree = "<group>"; };
		3B88FC6A2B5795E6009A1083 /* Configuration.storekit */ = {isa = PBXFileReference; lastKnownFileType = text; path = Configuration.storekit; sourceTree = "<group>"; };
		3B88FC6B2B579705009A1083 /* Product.storekit */ = {isa = PBXFileReference; lastKnownFileType = text; path = Product.storekit; sourceTree = "<group>"; };
		3B88FC7B2B5E0A88009A1083 /* Extension.swift */ = {isa = PBXFileReference; lastKnownFileType = sourcecode.swift; path = Extension.swift; sourceTree = "<group>"; };
		3BC20CB82B5783380041A7B8 /* Property List.plist */ = {isa = PBXFileReference; lastKnownFileType = text.plist.xml; path = "Property List.plist"; sourceTree = "<group>"; };
		3BFC8D142B54AA55000D6006 /* EditPostView.swift */ = {isa = PBXFileReference; lastKnownFileType = sourcecode.swift; path = EditPostView.swift; sourceTree = "<group>"; };
		3BFC8D1A2B54D46D000D6006 /* MultiImagePicker.swift */ = {isa = PBXFileReference; lastKnownFileType = sourcecode.swift; path = MultiImagePicker.swift; sourceTree = "<group>"; };
		3BFC8D1E2B5597C9000D6006 /* ProfileView.swift */ = {isa = PBXFileReference; lastKnownFileType = sourcecode.swift; path = ProfileView.swift; sourceTree = "<group>"; };
		807BF83E2B51BCD400A659B9 /* SearchView.swift */ = {isa = PBXFileReference; lastKnownFileType = sourcecode.swift; path = SearchView.swift; sourceTree = "<group>"; };
		DF91F4032B4864330021291A /* Portfolio.swift */ = {isa = PBXFileReference; lastKnownFileType = sourcecode.swift; path = Portfolio.swift; sourceTree = "<group>"; };
/* End PBXFileReference section */

/* Begin PBXFrameworksBuildPhase section */
		100D387A2B44826500498977 /* Frameworks */ = {
			isa = PBXFrameworksBuildPhase;
			buildActionMask = 2147483647;
			files = (
				DFCD247C2B54D08100B00515 /* PopupView in Frameworks */,
			);
			runOnlyForDeploymentPostprocessing = 0;
		};
/* End PBXFrameworksBuildPhase section */

/* Begin PBXGroup section */
		100D38742B44826500498977 = {
			isa = PBXGroup;
			children = (
				3B88FC6B2B579705009A1083 /* Product.storekit */,
				100D387F2B44826500498977 /* Spon-us */,
				100D387E2B44826500498977 /* Products */,
			);
			sourceTree = "<group>";
		};
		100D387E2B44826500498977 /* Products */ = {
			isa = PBXGroup;
			children = (
				100D387D2B44826500498977 /* Spon-us.app */,
			);
			name = Products;
			sourceTree = "<group>";
		};
		100D387F2B44826500498977 /* Spon-us */ = {
			isa = PBXGroup;
			children = (
				3BFC8D192B54D43C000D6006 /* Helper */,
				100D389F2B44833F00498977 /* Info.plist */,
				100D38942B44833500498977 /* Font */,
				100D38B42B4EF18C00498977 /* View */,
				100D38A62B44836800498977 /* Spon_usApp.swift */,
				100D38B02B44852700498977 /* ContentView.swift */,
				3B2021762B4C56000010CA02 /* ProposalReceivedListView.swift */,
				3BFC8D142B54AA55000D6006 /* EditPostView.swift */,
				3BFC8D1E2B5597C9000D6006 /* ProfileView.swift */,
				3B6AD5B42B576F8B00495CF4 /* StoreKit2TestView.swift */,
				3B6AD5C02B57748700495CF4 /* StoreKitManager.swift */,
				3B88FC6A2B5795E6009A1083 /* Configuration.storekit */,
				3BC20CB82B5783380041A7B8 /* Property List.plist */,
				100D38AC2B44844F00498977 /* Assets.xcassets */,
				100D38A12B44834700498977 /* Preview Content */,
			);
			path = "Spon-us";
			sourceTree = "<group>";
		};
		100D38942B44833500498977 /* Font */ = {
			isa = PBXGroup;
			children = (
				100D38952B44833500498977 /* FontManager.swift */,
				100D38962B44833500498977 /* SUIT-Bold.otf */,
				100D38972B44833500498977 /* SUIT-Medium.otf */,
				100D38982B44833500498977 /* Pretendard-Medium.otf */,
				100D38992B44833500498977 /* Pretendard-SemiBold.otf */,
			);
			path = Font;
			sourceTree = "<group>";
		};
		100D38A12B44834700498977 /* Preview Content */ = {
			isa = PBXGroup;
			children = (
				100D38A22B44834700498977 /* Preview Assets.xcassets */,
			);
			name = "Preview Content";
			path = "Preview Content/Preview Content";
			sourceTree = "<group>";
		};
		100D38B42B4EF18C00498977 /* View */ = {
			isa = PBXGroup;
			children = (
				DF91F4032B4864330021291A /* Portfolio.swift */,
				100D38B22B4EF15600498977 /* HomeView.swift */,
				100D38B52B4EF51E00498977 /* SavedView.swift */,
				100D38B72B4EF54100498977 /* CategoryView.swift */,
				100D38B92B4EF54C00498977 /* MyView.swift */,
				807BF83E2B51BCD400A659B9 /* SearchView.swift */,
			);
			path = View;
			sourceTree = "<group>";
		};
		3BFC8D192B54D43C000D6006 /* Helper */ = {
			isa = PBXGroup;
			children = (
				3BFC8D1A2B54D46D000D6006 /* MultiImagePicker.swift */,
				3B88FC7B2B5E0A88009A1083 /* Extension.swift */,
			);
			path = Helper;
			sourceTree = "<group>";
		};
/* End PBXGroup section */

/* Begin PBXNativeTarget section */
		100D387C2B44826500498977 /* Spon-us */ = {
			isa = PBXNativeTarget;
			buildConfigurationList = 100D388B2B44826900498977 /* Build configuration list for PBXNativeTarget "Spon-us" */;
			buildPhases = (
				100D38792B44826500498977 /* Sources */,
				100D387A2B44826500498977 /* Frameworks */,
				100D387B2B44826500498977 /* Resources */,
			);
			buildRules = (
			);
			dependencies = (
			);
			name = "Spon-us";
			packageProductDependencies = (
				DFCD247B2B54D08100B00515 /* PopupView */,
			);
			productName = "Spon-us";
			productReference = 100D387D2B44826500498977 /* Spon-us.app */;
			productType = "com.apple.product-type.application";
		};
/* End PBXNativeTarget section */

/* Begin PBXProject section */
		100D38752B44826500498977 /* Project object */ = {
			isa = PBXProject;
			attributes = {
				BuildIndependentTargetsInParallel = 1;
				LastSwiftUpdateCheck = 1510;
				LastUpgradeCheck = 1510;
				TargetAttributes = {
					100D387C2B44826500498977 = {
						CreatedOnToolsVersion = 15.1;
					};
				};
			};
			buildConfigurationList = 100D38782B44826500498977 /* Build configuration list for PBXProject "Spon-us" */;
			compatibilityVersion = "Xcode 14.0";
			developmentRegion = en;
			hasScannedForEncodings = 0;
			knownRegions = (
				en,
				Base,
			);
			mainGroup = 100D38742B44826500498977;
			packageReferences = (
				3BFC8D162B54B016000D6006 /* XCRemoteSwiftPackageReference "BSImagePicker" */,
				DFCD247A2B54D08100B00515 /* XCRemoteSwiftPackageReference "PopupView" */,
			);
			productRefGroup = 100D387E2B44826500498977 /* Products */;
			projectDirPath = "";
			projectRoot = "";
			targets = (
				100D387C2B44826500498977 /* Spon-us */,
			);
		};
/* End PBXProject section */

/* Begin PBXResourcesBuildPhase section */
		100D387B2B44826500498977 /* Resources */ = {
			isa = PBXResourcesBuildPhase;
			buildActionMask = 2147483647;
			files = (
				100D389C2B44833500498977 /* SUIT-Medium.otf in Resources */,
				3BC20CB92B5783380041A7B8 /* Property List.plist in Resources */,
				100D38A32B44834700498977 /* Preview Assets.xcassets in Resources */,
				100D389E2B44833500498977 /* Pretendard-SemiBold.otf in Resources */,
				3B88FC6C2B579705009A1083 /* Product.storekit in Resources */,
				100D38AD2B44844F00498977 /* Assets.xcassets in Resources */,
				100D389B2B44833500498977 /* SUIT-Bold.otf in Resources */,
				100D389D2B44833500498977 /* Pretendard-Medium.otf in Resources */,
			);
			runOnlyForDeploymentPostprocessing = 0;
		};
/* End PBXResourcesBuildPhase section */

/* Begin PBXSourcesBuildPhase section */
		100D38792B44826500498977 /* Sources */ = {
			isa = PBXSourcesBuildPhase;
			buildActionMask = 2147483647;
			files = (
				100D38BA2B4EF54C00498977 /* MyView.swift in Sources */,
				DF91F4042B4864330021291A /* Portfolio.swift in Sources */,
				3BFC8D152B54AA55000D6006 /* EditPostView.swift in Sources */,
				100D389A2B44833500498977 /* FontManager.swift in Sources */,
				3B6AD5B52B576F8B00495CF4 /* StoreKit2TestView.swift in Sources */,
				100D38B62B4EF51E00498977 /* SavedView.swift in Sources */,
				100D38B82B4EF54100498977 /* CategoryView.swift in Sources */,
				3B88FC7C2B5E0A88009A1083 /* Extension.swift in Sources */,
				3BFC8D1B2B54D46D000D6006 /* MultiImagePicker.swift in Sources */,
				100D38B32B4EF15600498977 /* HomeView.swift in Sources */,
				3B6AD5C12B57748700495CF4 /* StoreKitManager.swift in Sources */,
				3BFC8D1F2B5597C9000D6006 /* ProfileView.swift in Sources */,
				100D38B12B44852700498977 /* ContentView.swift in Sources */,
				807BF83F2B51BCD400A659B9 /* SearchView.swift in Sources */,
				100D38A72B44836800498977 /* Spon_usApp.swift in Sources */,
				3B2021772B4C56000010CA02 /* ProposalReceivedListView.swift in Sources */,
			);
			runOnlyForDeploymentPostprocessing = 0;
		};
/* End PBXSourcesBuildPhase section */

/* Begin XCBuildConfiguration section */
		100D38892B44826900498977 /* Debug */ = {
			isa = XCBuildConfiguration;
			buildSettings = {
				ALWAYS_SEARCH_USER_PATHS = NO;
				ASSETCATALOG_COMPILER_GENERATE_SWIFT_ASSET_SYMBOL_EXTENSIONS = YES;
				CLANG_ANALYZER_NONNULL = YES;
				CLANG_ANALYZER_NUMBER_OBJECT_CONVERSION = YES_AGGRESSIVE;
				CLANG_CXX_LANGUAGE_STANDARD = "gnu++20";
				CLANG_ENABLE_MODULES = YES;
				CLANG_ENABLE_OBJC_ARC = YES;
				CLANG_ENABLE_OBJC_WEAK = YES;
				CLANG_WARN_BLOCK_CAPTURE_AUTORELEASING = YES;
				CLANG_WARN_BOOL_CONVERSION = YES;
				CLANG_WARN_COMMA = YES;
				CLANG_WARN_CONSTANT_CONVERSION = YES;
				CLANG_WARN_DEPRECATED_OBJC_IMPLEMENTATIONS = YES;
				CLANG_WARN_DIRECT_OBJC_ISA_USAGE = YES_ERROR;
				CLANG_WARN_DOCUMENTATION_COMMENTS = YES;
				CLANG_WARN_EMPTY_BODY = YES;
				CLANG_WARN_ENUM_CONVERSION = YES;
				CLANG_WARN_INFINITE_RECURSION = YES;
				CLANG_WARN_INT_CONVERSION = YES;
				CLANG_WARN_NON_LITERAL_NULL_CONVERSION = YES;
				CLANG_WARN_OBJC_IMPLICIT_RETAIN_SELF = YES;
				CLANG_WARN_OBJC_LITERAL_CONVERSION = YES;
				CLANG_WARN_OBJC_ROOT_CLASS = YES_ERROR;
				CLANG_WARN_QUOTED_INCLUDE_IN_FRAMEWORK_HEADER = YES;
				CLANG_WARN_RANGE_LOOP_ANALYSIS = YES;
				CLANG_WARN_STRICT_PROTOTYPES = YES;
				CLANG_WARN_SUSPICIOUS_MOVE = YES;
				CLANG_WARN_UNGUARDED_AVAILABILITY = YES_AGGRESSIVE;
				CLANG_WARN_UNREACHABLE_CODE = YES;
				CLANG_WARN__DUPLICATE_METHOD_MATCH = YES;
				COPY_PHASE_STRIP = NO;
				DEBUG_INFORMATION_FORMAT = dwarf;
				ENABLE_STRICT_OBJC_MSGSEND = YES;
				ENABLE_TESTABILITY = YES;
				ENABLE_USER_SCRIPT_SANDBOXING = YES;
				GCC_C_LANGUAGE_STANDARD = gnu17;
				GCC_DYNAMIC_NO_PIC = NO;
				GCC_NO_COMMON_BLOCKS = YES;
				GCC_OPTIMIZATION_LEVEL = 0;
				GCC_PREPROCESSOR_DEFINITIONS = (
					"DEBUG=1",
					"$(inherited)",
				);
				GCC_WARN_64_TO_32_BIT_CONVERSION = YES;
				GCC_WARN_ABOUT_RETURN_TYPE = YES_ERROR;
				GCC_WARN_UNDECLARED_SELECTOR = YES;
				GCC_WARN_UNINITIALIZED_AUTOS = YES_AGGRESSIVE;
				GCC_WARN_UNUSED_FUNCTION = YES;
				GCC_WARN_UNUSED_VARIABLE = YES;
				IPHONEOS_DEPLOYMENT_TARGET = 17.2;
				LOCALIZATION_PREFERS_STRING_CATALOGS = YES;
				MTL_ENABLE_DEBUG_INFO = INCLUDE_SOURCE;
				MTL_FAST_MATH = YES;
				ONLY_ACTIVE_ARCH = YES;
				SDKROOT = iphoneos;
				SWIFT_ACTIVE_COMPILATION_CONDITIONS = "DEBUG $(inherited)";
				SWIFT_OPTIMIZATION_LEVEL = "-Onone";
			};
			name = Debug;
		};
		100D388A2B44826900498977 /* Release */ = {
			isa = XCBuildConfiguration;
			buildSettings = {
				ALWAYS_SEARCH_USER_PATHS = NO;
				ASSETCATALOG_COMPILER_GENERATE_SWIFT_ASSET_SYMBOL_EXTENSIONS = YES;
				CLANG_ANALYZER_NONNULL = YES;
				CLANG_ANALYZER_NUMBER_OBJECT_CONVERSION = YES_AGGRESSIVE;
				CLANG_CXX_LANGUAGE_STANDARD = "gnu++20";
				CLANG_ENABLE_MODULES = YES;
				CLANG_ENABLE_OBJC_ARC = YES;
				CLANG_ENABLE_OBJC_WEAK = YES;
				CLANG_WARN_BLOCK_CAPTURE_AUTORELEASING = YES;
				CLANG_WARN_BOOL_CONVERSION = YES;
				CLANG_WARN_COMMA = YES;
				CLANG_WARN_CONSTANT_CONVERSION = YES;
				CLANG_WARN_DEPRECATED_OBJC_IMPLEMENTATIONS = YES;
				CLANG_WARN_DIRECT_OBJC_ISA_USAGE = YES_ERROR;
				CLANG_WARN_DOCUMENTATION_COMMENTS = YES;
				CLANG_WARN_EMPTY_BODY = YES;
				CLANG_WARN_ENUM_CONVERSION = YES;
				CLANG_WARN_INFINITE_RECURSION = YES;
				CLANG_WARN_INT_CONVERSION = YES;
				CLANG_WARN_NON_LITERAL_NULL_CONVERSION = YES;
				CLANG_WARN_OBJC_IMPLICIT_RETAIN_SELF = YES;
				CLANG_WARN_OBJC_LITERAL_CONVERSION = YES;
				CLANG_WARN_OBJC_ROOT_CLASS = YES_ERROR;
				CLANG_WARN_QUOTED_INCLUDE_IN_FRAMEWORK_HEADER = YES;
				CLANG_WARN_RANGE_LOOP_ANALYSIS = YES;
				CLANG_WARN_STRICT_PROTOTYPES = YES;
				CLANG_WARN_SUSPICIOUS_MOVE = YES;
				CLANG_WARN_UNGUARDED_AVAILABILITY = YES_AGGRESSIVE;
				CLANG_WARN_UNREACHABLE_CODE = YES;
				CLANG_WARN__DUPLICATE_METHOD_MATCH = YES;
				COPY_PHASE_STRIP = NO;
				DEBUG_INFORMATION_FORMAT = "dwarf-with-dsym";
				ENABLE_NS_ASSERTIONS = NO;
				ENABLE_STRICT_OBJC_MSGSEND = YES;
				ENABLE_USER_SCRIPT_SANDBOXING = YES;
				GCC_C_LANGUAGE_STANDARD = gnu17;
				GCC_NO_COMMON_BLOCKS = YES;
				GCC_WARN_64_TO_32_BIT_CONVERSION = YES;
				GCC_WARN_ABOUT_RETURN_TYPE = YES_ERROR;
				GCC_WARN_UNDECLARED_SELECTOR = YES;
				GCC_WARN_UNINITIALIZED_AUTOS = YES_AGGRESSIVE;
				GCC_WARN_UNUSED_FUNCTION = YES;
				GCC_WARN_UNUSED_VARIABLE = YES;
				IPHONEOS_DEPLOYMENT_TARGET = 17.2;
				LOCALIZATION_PREFERS_STRING_CATALOGS = YES;
				MTL_ENABLE_DEBUG_INFO = NO;
				MTL_FAST_MATH = YES;
				SDKROOT = iphoneos;
				SWIFT_COMPILATION_MODE = wholemodule;
				VALIDATE_PRODUCT = YES;
			};
			name = Release;
		};
		100D388C2B44826900498977 /* Debug */ = {
			isa = XCBuildConfiguration;
			buildSettings = {
				ASSETCATALOG_COMPILER_APPICON_NAME = AppIcon;
				ASSETCATALOG_COMPILER_GLOBAL_ACCENT_COLOR_NAME = AccentColor;
				CODE_SIGN_STYLE = Automatic;
				CURRENT_PROJECT_VERSION = 1;
				DEVELOPMENT_ASSET_PATHS = "\"Spon-us/Preview Content\"";
				DEVELOPMENT_TEAM = 9R3T6AUA7X;
				ENABLE_PREVIEWS = YES;
				GENERATE_INFOPLIST_FILE = YES;
				INFOPLIST_FILE = "Spon-us/Info.plist";
				INFOPLIST_KEY_UIApplicationSceneManifest_Generation = YES;
				INFOPLIST_KEY_UIApplicationSupportsIndirectInputEvents = YES;
				INFOPLIST_KEY_UILaunchScreen_Generation = YES;
				INFOPLIST_KEY_UISupportedInterfaceOrientations_iPad = "UIInterfaceOrientationPortrait UIInterfaceOrientationPortraitUpsideDown UIInterfaceOrientationLandscapeLeft UIInterfaceOrientationLandscapeRight";
				INFOPLIST_KEY_UISupportedInterfaceOrientations_iPhone = "UIInterfaceOrientationPortrait UIInterfaceOrientationLandscapeLeft UIInterfaceOrientationLandscapeRight";
				IPHONEOS_DEPLOYMENT_TARGET = 17.2;
				LD_RUNPATH_SEARCH_PATHS = (
					"$(inherited)",
					"@executable_path/Frameworks",
				);
				MARKETING_VERSION = 1.0;
				PRODUCT_BUNDLE_IDENTIFIER = "com.sponus.Spon-us";
				PRODUCT_NAME = "$(TARGET_NAME)";
				SWIFT_EMIT_LOC_STRINGS = YES;
				SWIFT_VERSION = 5.0;
				TARGETED_DEVICE_FAMILY = "1,2";
			};
			name = Debug;
		};
		100D388D2B44826900498977 /* Release */ = {
			isa = XCBuildConfiguration;
			buildSettings = {
				ASSETCATALOG_COMPILER_APPICON_NAME = AppIcon;
				ASSETCATALOG_COMPILER_GLOBAL_ACCENT_COLOR_NAME = AccentColor;
				CODE_SIGN_STYLE = Automatic;
				CURRENT_PROJECT_VERSION = 1;
				DEVELOPMENT_ASSET_PATHS = "\"Spon-us/Preview Content\"";
				DEVELOPMENT_TEAM = 9R3T6AUA7X;
				ENABLE_PREVIEWS = YES;
				GENERATE_INFOPLIST_FILE = YES;
				INFOPLIST_FILE = "Spon-us/Info.plist";
				INFOPLIST_KEY_UIApplicationSceneManifest_Generation = YES;
				INFOPLIST_KEY_UIApplicationSupportsIndirectInputEvents = YES;
				INFOPLIST_KEY_UILaunchScreen_Generation = YES;
				INFOPLIST_KEY_UISupportedInterfaceOrientations_iPad = "UIInterfaceOrientationPortrait UIInterfaceOrientationPortraitUpsideDown UIInterfaceOrientationLandscapeLeft UIInterfaceOrientationLandscapeRight";
				INFOPLIST_KEY_UISupportedInterfaceOrientations_iPhone = "UIInterfaceOrientationPortrait UIInterfaceOrientationLandscapeLeft UIInterfaceOrientationLandscapeRight";
				IPHONEOS_DEPLOYMENT_TARGET = 17.2;
				LD_RUNPATH_SEARCH_PATHS = (
					"$(inherited)",
					"@executable_path/Frameworks",
				);
				MARKETING_VERSION = 1.0;
				PRODUCT_BUNDLE_IDENTIFIER = "com.sponus.Spon-us";
				PRODUCT_NAME = "$(TARGET_NAME)";
				SWIFT_EMIT_LOC_STRINGS = YES;
				SWIFT_VERSION = 5.0;
				TARGETED_DEVICE_FAMILY = "1,2";
			};
			name = Release;
		};
/* End XCBuildConfiguration section */

/* Begin XCConfigurationList section */
		100D38782B44826500498977 /* Build configuration list for PBXProject "Spon-us" */ = {
			isa = XCConfigurationList;
			buildConfigurations = (
				100D38892B44826900498977 /* Debug */,
				100D388A2B44826900498977 /* Release */,
			);
			defaultConfigurationIsVisible = 0;
			defaultConfigurationName = Release;
		};
		100D388B2B44826900498977 /* Build configuration list for PBXNativeTarget "Spon-us" */ = {
			isa = XCConfigurationList;
			buildConfigurations = (
				100D388C2B44826900498977 /* Debug */,
				100D388D2B44826900498977 /* Release */,
			);
			defaultConfigurationIsVisible = 0;
			defaultConfigurationName = Release;
		};
/* End XCConfigurationList section */

/* Begin XCRemoteSwiftPackageReference section */
		3BFC8D162B54B016000D6006 /* XCRemoteSwiftPackageReference "BSImagePicker" */ = {
			isa = XCRemoteSwiftPackageReference;
			repositoryURL = "https://github.com/mikaoj/BSImagePicker.git";
			requirement = {
				kind = upToNextMajorVersion;
				minimumVersion = 3.3.1;
			};
		};
		DFCD247A2B54D08100B00515 /* XCRemoteSwiftPackageReference "PopupView" */ = {
			isa = XCRemoteSwiftPackageReference;
			repositoryURL = "https://github.com/exyte/PopupView.git";
			requirement = {
				kind = upToNextMajorVersion;
				minimumVersion = 2.8.3;
			};
		};
/* End XCRemoteSwiftPackageReference section */

/* Begin XCSwiftPackageProductDependency section */
		DFCD247B2B54D08100B00515 /* PopupView */ = {
			isa = XCSwiftPackageProductDependency;
			package = DFCD247A2B54D08100B00515 /* XCRemoteSwiftPackageReference "PopupView" */;
			productName = PopupView;
		};
/* End XCSwiftPackageProductDependency section */
	};
	rootObject = 100D38752B44826500498977 /* Project object */;
}
